# THIS IS AN AUTOGENERATED FILE. DO NOT EDIT THIS FILE DIRECTLY.
# yarn lockfile v1


"@actions/core@^3.0.1":
  version "3.0.1"
  resolved "https://registry.npmjs.org/@actions/core/-/core-3.0.1.tgz"
  integrity sha512-a6d/Nwahm9fliVGRhdhofo40HjHQasUPusmc7vBfyky+7Z+P2A1J68zyFVaNcEclc/Se+eO595oAr5nwEIoIUA==
  dependencies:
    "@actions/exec" "^3.0.0"
    "@actions/http-client" "^4.0.0"

"@actions/exec@^3.0.0":
  version "3.0.0"
  resolved "https://registry.npmjs.org/@actions/exec/-/exec-3.0.0.tgz"
  integrity sha512-6xH/puSoNBXb72VPlZVm7vQ+svQpFyA96qdDBvhB8eNZOE8LtPf9L4oAsfzK/crCL8YZ+19fKYVnM63Sl+Xzlw==
  dependencies:
    "@actions/io" "^3.0.2"

"@actions/github@^9.1.1":
  version "9.1.1"
  resolved "https://registry.npmjs.org/@actions/github/-/github-9.1.1.tgz"
  integrity sha512-tL5JbYOBZHc0ngEnCsaDcryUizIUIlQyIMwy1Wkx93H5HzbBJ7TbiPx2PnFjBwZW0Vh05JmfFZhecE6gglYegA==
  dependencies:
    "@actions/http-client" "^3.0.2"
    "@octokit/core" "^7.0.6"
    "@octokit/plugin-paginate-rest" "^14.0.0"
    "@octokit/plugin-rest-endpoint-methods" "^17.0.0"
    "@octokit/request" "^10.0.7"
    "@octokit/request-error" "^7.1.0"
    undici "^6.23.0"

"@actions/http-client@^3.0.2":
  version "3.0.2"
  resolved "https://registry.npmjs.org/@actions/http-client/-/http-client-3.0.2.tgz"
  integrity sha512-JP38FYYpyqvUsz+Igqlc/JG6YO9PaKuvqjM3iGvaLqFnJ7TFmcLyy2IDrY0bI0qCQug8E9K+elv5ZNfw62ZJzA==
  dependencies:
    tunnel "^0.0.6"
    undici "^6.23.0"

"@actions/http-client@^4.0.0":
  version "4.0.1"
  resolved "https://registry.npmjs.org/@actions/http-client/-/http-client-4.0.1.tgz"
  integrity sha512-+Nvd1ImaOZBSoPbsUtEhv+1z99H12xzncCkz0a3RuehINE81FZSe2QTj3uvAPTcJX/SCzUQHQ0D1GrPMbrPitg==
  dependencies:
    tunnel "^0.0.6"
    undici "^6.23.0"

"@actions/io@^3.0.2":
  version "3.0.2"
  resolved "https://registry.npmjs.org/@actions/io/-/io-3.0.2.tgz"
  integrity sha512-nRBchcMM+QK1pdjO7/idu86rbJI5YHUKCvKs0KxnSYbVe3F51UfGxuZX4Qy/fWlp6l7gWFwIkrOzN+oUK03kfw==

"@jridgewell/sourcemap-codec@^1.5.5":
  version "1.5.5"
  resolved "https://registry.npmjs.org/@jridgewell/sourcemap-codec/-/sourcemap-codec-1.5.5.tgz"
  integrity sha512-cYQ9310grqxueWbl+WuIUIaiUaDcj7WOq5fVhEljNVgRfOUhY9fy2zTvfoqWsnebh8Sl70VScFbICvJnLKB0Og==

"@jsep-plugin/assignment@^1.3.0":
  version "1.3.0"
  resolved "https://registry.npmjs.org/@jsep-plugin/assignment/-/assignment-1.3.0.tgz"
  integrity sha512-VVgV+CXrhbMI3aSusQyclHkenWSAm95WaiKrMxRFam3JSUiIaQjoMIw2sEs/OX4XifnqeQUN4DYbJjlA8EfktQ==

"@jsep-plugin/regex@^1.0.4":
  version "1.0.4"
  resolved "https://registry.npmjs.org/@jsep-plugin/regex/-/regex-1.0.4.tgz"
  integrity sha512-q7qL4Mgjs1vByCaTnDFcBnV9HS7GVPJX5vyVoCgZHNSC9rjwIlmbXG5sUuorR5ndfHAIlJ8pVStxvjXHbNvtUg==

"@kubernetes/client-node@^1.4.0":
  version "1.4.0"
  resolved "https://registry.npmjs.org/@kubernetes/client-node/-/client-node-1.4.0.tgz"
  integrity sha512-Zge3YvF7DJi264dU1b3wb/GmzR99JhUpqTvp+VGHfwZT+g7EOOYNScDJNZwXy9cszyIGPIs0VHr+kk8e95qqrA==
  dependencies:
    "@types/js-yaml" "^4.0.1"
    "@types/node" "^24.0.0"
    "@types/node-fetch" "^2.6.13"
    "@types/stream-buffers" "^3.0.3"
    form-data "^4.0.0"
    hpagent "^1.2.0"
    isomorphic-ws "^5.0.0"
    js-yaml "^4.1.0"
    jsonpath-plus "^10.3.0"
    node-fetch "^2.7.0"
    openid-client "^6.1.3"
    rfc4648 "^1.3.0"
    socks-proxy-agent "^8.0.4"
    stream-buffers "^3.0.2"
    tar-fs "^3.0.9"
    ws "^8.18.2"

"@octokit/auth-token@^6.0.0":
  version "6.0.0"
  resolved "https://registry.npmjs.org/@octokit/auth-token/-/auth-token-6.0.0.tgz"
  integrity sha512-P4YJBPdPSpWTQ1NU4XYdvHvXJJDxM6YwpS0FZHRgP7YFkdVxsWcpWGy/NVqlAA7PcPCnMacXlRm1y2PFZRWL/w==

"@octokit/core@^7.0.6", "@octokit/core@>=6":
  version "7.0.6"
  resolved "https://registry.npmjs.org/@octokit/core/-/core-7.0.6.tgz"
  integrity sha512-DhGl4xMVFGVIyMwswXeyzdL4uXD5OGILGX5N8Y+f6W7LhC1Ze2poSNrkF/fedpVDHEEZ+PHFW0vL14I+mm8K3Q==
  dependencies:
    "@octokit/auth-token" "^6.0.0"
    "@octokit/graphql" "^9.0.3"
    "@octokit/request" "^10.0.6"
    "@octokit/request-error" "^7.0.2"
    "@octokit/types" "^16.0.0"
    before-after-hook "^4.0.0"
    universal-user-agent "^7.0.0"

"@octokit/endpoint@^11.0.3":
  version "11.0.3"
  resolved "https://registry.npmjs.org/@octokit/endpoint/-/endpoint-11.0.3.tgz"
  integrity sha512-FWFlNxghg4HrXkD3ifYbS/IdL/mDHjh9QcsNyhQjN8dplUoZbejsdpmuqdA76nxj2xoWPs7p8uX2SNr9rYu0Ag==
  dependencies:
    "@octokit/types" "^16.0.0"
    universal-user-agent "^7.0.2"

"@octokit/graphql@^9.0.3":
  version "9.0.3"
  resolved "https://registry.npmjs.org/@octokit/graphql/-/graphql-9.0.3.tgz"
  integrity sha512-grAEuupr/C1rALFnXTv6ZQhFuL1D8G5y8CN04RgrO4FIPMrtm+mcZzFG7dcBm+nq+1ppNixu+Jd78aeJOYxlGA==
  dependencies:
    "@octokit/request" "^10.0.6"
    "@octokit/types" "^16.0.0"
    universal-user-agent "^7.0.0"

"@octokit/openapi-types@^27.0.0":
  version "27.0.0"
  resolved "https://registry.npmjs.org/@octokit/openapi-types/-/openapi-types-27.0.0.tgz"
  integrity sha512-whrdktVs1h6gtR+09+QsNk2+FO+49j6ga1c55YZudfEG+oKJVvJLQi3zkOm5JjiUXAagWK2tI2kTGKJ2Ys7MGA==

"@octokit/plugin-paginate-rest@^14.0.0":
  version "14.0.0"
  resolved "https://registry.npmjs.org/@octokit/plugin-paginate-rest/-/plugin-paginate-rest-14.0.0.tgz"
  integrity sha512-fNVRE7ufJiAA3XUrha2omTA39M6IXIc6GIZLvlbsm8QOQCYvpq/LkMNGyFlB1d8hTDzsAXa3OKtybdMAYsV/fw==
  dependencies:
    "@octokit/types" "^16.0.0"

"@octokit/plugin-rest-endpoint-methods@^17.0.0":
  version "17.0.0"
  resolved "https://registry.npmjs.org/@octokit/plugin-rest-endpoint-methods/-/plugin-rest-endpoint-methods-17.0.0.tgz"
  integrity sha512-B5yCyIlOJFPqUUeiD0cnBJwWJO8lkJs5d8+ze9QDP6SvfiXSz1BF+91+0MeI1d2yxgOhU/O+CvtiZ9jSkHhFAw==
  dependencies:
    "@octokit/types" "^16.0.0"

"@octokit/request-error@^7.0.2", "@octokit/request-error@^7.1.0":
  version "7.1.0"
  resolved "https://registry.npmjs.org/@octokit/request-error/-/request-error-7.1.0.tgz"
  integrity sha512-KMQIfq5sOPpkQYajXHwnhjCC0slzCNScLHs9JafXc4RAJI+9f+jNDlBNaIMTvazOPLgb4BnlhGJOTbnN0wIjPw==
  dependencies:
    "@octokit/types" "^16.0.0"

"@octokit/request@^10.0.6", "@octokit/request@^10.0.7":
  version "10.0.8"
  resolved "https://registry.npmjs.org/@octokit/request/-/request-10.0.8.tgz"
  integrity sha512-SJZNwY9pur9Agf7l87ywFi14W+Hd9Jg6Ifivsd33+/bGUQIjNujdFiXII2/qSlN2ybqUHfp5xpekMEjIBTjlSw==
  dependencies:
    "@octokit/endpoint" "^11.0.3"
    "@octokit/request-error" "^7.0.2"
    "@octokit/types" "^16.0.0"
    fast-content-type-parse "^3.0.0"
    json-with-bigint "^3.5.3"
    universal-user-agent "^7.0.2"

"@octokit/types@^16.0.0":
  version "16.0.0"
  resolved "https://registry.npmjs.org/@octokit/types/-/types-16.0.0.tgz"
  integrity sha512-sKq+9r1Mm4efXW1FCk7hFSeJo4QKreL/tTbR0rz/qx/r1Oa2VV83LTA/H/MuCOX7uCIJmQVRKBcbmWoySjAnSg==
  dependencies:
    "@octokit/openapi-types" "^27.0.0"

"@rollup/plugin-commonjs@^29.0.2":
  version "29.0.2"
  resolved "https://registry.npmjs.org/@rollup/plugin-commonjs/-/plugin-commonjs-29.0.2.tgz"
  integrity sha512-S/ggWH1LU7jTyi9DxZOKyxpVd4hF/OZ0JrEbeLjXk/DFXwRny0tjD2c992zOUYQobLrVkRVMDdmHP16HKP7GRg==
  dependencies:
    "@rollup/pluginutils" "^5.0.1"
    commondir "^1.0.1"
    estree-walker "^2.0.2"
    fdir "^6.2.0"
    is-reference "1.2.1"
    magic-string "^0.30.3"
    picomatch "^4.0.2"

"@rollup/plugin-json@^6.1.0":
  version "6.1.0"
  resolved "https://registry.npmjs.org/@rollup/plugin-json/-/plugin-json-6.1.0.tgz"
  integrity sha512-EGI2te5ENk1coGeADSIwZ7G2Q8CJS2sF120T7jLw4xFw9n7wIOXHo+kIYRAoVpJAN+kmqZSoO3Fp4JtoNF4ReA==
  dependencies:
    "@rollup/pluginutils" "^5.1.0"

"@rollup/plugin-node-resolve@^16.0.3":
  version "16.0.3"
  resolved "https://registry.npmjs.org/@rollup/plugin-node-resolve/-/plugin-node-resolve-16.0.3.tgz"
  integrity sha512-lUYM3UBGuM93CnMPG1YocWu7X802BrNF3jW2zny5gQyLQgRFJhV1Sq0Zi74+dh/6NBx1DxFC4b4GXg9wUCG5Qg==
  dependencies:
    "@rollup/pluginutils" "^5.0.1"
    "@types/resolve" "1.20.2"
    deepmerge "^4.2.2"
    is-module "^1.0.0"
    resolve "^1.22.1"

"@rollup/plugin-typescript@^12.3.0":
  version "12.3.0"
  resolved "https://registry.npmjs.org/@rollup/plugin-typescript/-/plugin-typescript-12.3.0.tgz"
  integrity sha512-7DP0/p7y3t67+NabT9f8oTBFE6gGkto4SA6Np2oudYmZE/m1dt8RB0SjL1msMxFpLo631qjRCcBlAbq1ml/Big==
  dependencies:
    "@rollup/pluginutils" "^5.1.0"
    resolve "^1.22.1"

"@rollup/pluginutils@^5.0.1", "@rollup/pluginutils@^5.1.0":
  version "5.3.0"
  resolved "https://registry.npmjs.org/@rollup/pluginutils/-/pluginutils-5.3.0.tgz"
  integrity sha512-5EdhGZtnu3V88ces7s53hhfK5KSASnJZv8Lulpc04cWO3REESroJXg73DFsOmgbU2BhwV0E20bu2IDZb3VKW4Q==
  dependencies:
    "@types/estree" "^1.0.0"
    estree-walker "^2.0.2"
    picomatch "^4.0.2"

"@rollup/rollup-darwin-arm64@4.60.3":
  version "4.60.3"
  resolved "https://registry.npmjs.org/@rollup/rollup-darwin-arm64/-/rollup-darwin-arm64-4.60.3.tgz"
  integrity sha512-vo6Y5Qfpx7/5EaamIwi0WqW2+zfiusVihKatLvtN1VFVy3D13uERk/6gZLU1UiHRL6fDXqj/ELIeVRGnvcTE1g==

"@types/estree@*", "@types/estree@^1.0.0":
  version "1.0.9"
  resolved "https://registry.npmjs.org/@types/estree/-/estree-1.0.9.tgz"
  integrity sha512-GhdPgy1el4/ImP05X05Uw4cw2/M93BCUmnEvWZNStlCzEKME4Fkk+YpoA5OiHNQmoS7Cafb8Xa3Pya8m1Qrzeg==

"@types/estree@1.0.8":
  version "1.0.8"
  resolved "https://registry.npmjs.org/@types/estree/-/estree-1.0.8.tgz"
  integrity sha512-dWHzHa2WqEXI/O1E9OjrocMTKJl2mSrEolh1Iomrv6U+JuNwaHXsXx9bLu5gG7BUWFIN0skIQJQ/L1rIex4X6w==

"@types/js-yaml@^4.0.1":
  version "4.0.9"
  resolved "https://registry.npmjs.org/@types/js-yaml/-/js-yaml-4.0.9.tgz"
  integrity sha512-k4MGaQl5TGo/iipqb2UDG2UwjXziSWkh0uysQelTlJpX1qGlpUZYm8PnO4DxG1qBomtJUdYJ6qR6xdIah10JLg==

"@types/ms@^2.1.0":
  version "2.1.0"
  resolved "https://registry.npmjs.org/@types/ms/-/ms-2.1.0.tgz"
  integrity sha512-GsCCIZDE/p3i96vtEqx+7dBUGXrc7zeSK3wwPHIaRThS+9OhWIXRqzs4d6k1SVU8g91DrNRWxWUGhp5KXQb2VA==

"@types/node-fetch@^2.6.13":
  version "2.6.13"
  resolved "https://registry.npmjs.org/@types/node-fetch/-/node-fetch-2.6.13.tgz"
  integrity sha512-QGpRVpzSaUs30JBSGPjOg4Uveu384erbHBoT1zeONvyCfwQxIkUshLAOqN/k9EjGviPRmWTTe6aH2qySWKTVSw==
  dependencies:
    "@types/node" "*"
    form-data "^4.0.4"

"@types/node@*", "@types/node@^24.0.0":
  version "24.12.3"
  resolved "https://registry.npmjs.org/@types/node/-/node-24.12.3.tgz"
  integrity sha512-8oljBDGun9cIsZRJR6fkihn0TSXJI0UDOOhncYaERq6M0JMDoPLxyscwruJcb4GKS6dvK/d8xebYBg27h/duaQ==
  dependencies:
    undici-types "~7.16.0"

"@types/resolve@1.20.2":
  version "1.20.2"
  resolved "https://registry.npmjs.org/@types/resolve/-/resolve-1.20.2.tgz"
  integrity sha512-60BCwRFOZCQhDncwQdxxeOEEkbc5dIMccYLwbxsS4TUNeVECQ/pBJ0j09mrHOl/JJvpRPGwO9SvE4nR2Nb/a4Q==

"@types/stream-buffers@^3.0.3":
  version "3.0.8"
  resolved "https://registry.npmjs.org/@types/stream-buffers/-/stream-buffers-3.0.8.tgz"
  integrity sha512-J+7VaHKNvlNPJPEJXX/fKa9DZtR/xPMwuIbe+yNOwp1YB+ApUOBv2aUpEoBJEi8nJgbgs1x8e73ttg0r1rSUdw==
  dependencies:
    "@types/node" "*"

"@types/ws@^8.18.1":
  version "8.18.1"
  resolved "https://registry.npmjs.org/@types/ws/-/ws-8.18.1.tgz"
  integrity sha512-ThVF6DCVhA8kUGy+aazFQ4kXQ7E1Ty7A3ypFOe0IcJV8O/M511G99AW24irKrW56Wt44yG9+ij8FaqoBGkuBXg==
  dependencies:
    "@types/node" "*"

agent-base@^7.1.2:
  version "7.1.4"
  resolved "https://registry.npmjs.org/agent-base/-/agent-base-7.1.4.tgz"
  integrity sha512-MnA+YT8fwfJPgBx3m60MNqakm30XOkyIoH1y6huTQvC0PwZG7ki8NacLBcrPbNoo8vEZy7Jpuk7+jMO+CUovTQ==

argparse@^2.0.1:
  version "2.0.1"
  resolved "https://registry.npmjs.org/argparse/-/argparse-2.0.1.tgz"
  integrity sha512-8+9WqebbFzpX9OR+Wa6O29asIogeRMzcGtAINdpMHHyAg10f05aSFVBbcEqGf/PXw1EjAZ+q2/bEBg3DvurK3Q==

asynckit@^0.4.0:
  version "0.4.0"
  resolved "https://registry.npmjs.org/asynckit/-/asynckit-0.4.0.tgz"
  integrity sha512-Oei9OH4tRh0YqU3GxhX79dM/mwVgvbZJaSNaRk+bshkj0S5cfHcgYakreBjrHwatXKbz+IoIdYLxrKim2MjW0Q==

b4a@^1.6.4:
  version "1.8.1"
  resolved "https://registry.npmjs.org/b4a/-/b4a-1.8.1.tgz"
  integrity sha512-aiqre1Nr0B/6DgE2N5vwTc+2/oQZ4Wh1t4NznYY4E00y8LCt6NqdRv81so00oo27D8MVKTpUa/MwUUtBLXCoDw==

bare-events@*, bare-events@^2.5.4, bare-events@^2.7.0:
  version "2.8.2"
  resolved "https://registry.npmjs.org/bare-events/-/bare-events-2.8.2.tgz"
  integrity sha512-riJjyv1/mHLIPX4RwiK+oW9/4c3TEUeORHKefKAKnZ5kyslbN+HXowtbaVEqt4IMUB7OXlfixcs6gsFeo/jhiQ==

bare-fs@^4.0.1, bare-fs@^4.5.5:
  version "4.7.1"
  resolved "https://registry.npmjs.org/bare-fs/-/bare-fs-4.7.1.tgz"
  integrity sha512-WDRsyVN52eAx/lBamKD6uyw8H4228h/x0sGGGegOamM2cd7Pag88GfMQalobXI+HaEUxpCkbKQUDOQqt9wawRw==
  dependencies:
    bare-events "^2.5.4"
    bare-path "^3.0.0"
    bare-stream "^2.6.4"
    bare-url "^2.2.2"
    fast-fifo "^1.3.2"

bare-os@^3.0.1:
  version "3.9.1"
  resolved "https://registry.npmjs.org/bare-os/-/bare-os-3.9.1.tgz"
  integrity sha512-6M5XjcnsygQNPMCMPXSK379xrJFiZ/AEMNBmFEmQW8d/789VQATvriyi5r0HYTL9TkQ26rn3kgdTG3aisbrXkQ==

bare-path@^3.0.0:
  version "3.0.0"
  resolved "https://registry.npmjs.org/bare-path/-/bare-path-3.0.0.tgz"
  integrity sha512-tyfW2cQcB5NN8Saijrhqn0Zh7AnFNsnczRcuWODH0eYAXBsJ5gVxAUuNr7tsHSC6IZ77cA0SitzT+s47kot8Mw==
  dependencies:
    bare-os "^3.0.1"

bare-stream@^2.6.4:
  version "2.13.1"
  resolved "https://registry.npmjs.org/bare-stream/-/bare-stream-2.13.1.tgz"
  integrity sha512-Vp0cnjYyrEC4whYTymQ+YZi6pBpfiICZO3cfRG8sy67ZNWe951urv1x4eW1BKNngw3U+3fPYb5JQvHbCtxH7Ow==
  dependencies:
    streamx "^2.25.0"
    teex "^1.0.1"

bare-url@^2.2.2:
  version "2.4.3"
  resolved "https://registry.npmjs.org/bare-url/-/bare-url-2.4.3.tgz"
  integrity sha512-Kccpc7ACfXaxfeInfqKcZtW4pT5YBn1mesc4sCsun6sRwtbJ4h+sNOaksUpYEJUKfN65YWC6Bw2OJEFiKxq8nQ==
  dependencies:
    bare-path "^3.0.0"

before-after-hook@^4.0.0:
  version "4.0.0"
  resolved "https://registry.npmjs.org/before-after-hook/-/before-after-hook-4.0.0.tgz"
  integrity sha512-q6tR3RPqIB1pMiTRMFcZwuG5T8vwp+vUvEG0vuI6B+Rikh5BfPp2fQ82c925FOs+b0lcFQ8CFrL+KbilfZFhOQ==

call-bind-apply-helpers@^1.0.1, call-bind-apply-helpers@^1.0.2:
  version "1.0.2"
  resolved "https://registry.npmjs.org/call-bind-apply-helpers/-/call-bind-apply-helpers-1.0.2.tgz"
  integrity sha512-Sp1ablJ0ivDkSzjcaJdxEunN5/XvksFJ2sMBFfq6x0ryhQV/2b/KwFe21cMpmHtPOSij8K99/wSfoEuTObmuMQ==
  dependencies:
    es-errors "^1.3.0"
    function-bind "^1.1.2"

combined-stream@^1.0.8:
  version "1.0.8"
  resolved "https://registry.npmjs.org/combined-stream/-/combined-stream-1.0.8.tgz"
  integrity sha512-FQN4MRfuJeHf7cBbBMJFXhKSDq+2kAArBlmRBvcvFE5BB1HZKXtSFASDhdlz9zOYwxh8lDdnvmMOe/+5cdoEdg==
  dependencies:
    delayed-stream "~1.0.0"

commondir@^1.0.1:
  version "1.0.1"
  resolved "https://registry.npmjs.org/commondir/-/commondir-1.0.1.tgz"
  integrity sha512-W9pAhw0ja1Edb5GVdIF1mjZw/ASI0AlShXM83UUGe2DVr5TdAPEA1OA8m/g8zWp9x6On7gqufY+FatDbC3MDQg==

debug@^4.3.4:
  version "4.4.3"
  resolved "https://registry.npmjs.org/debug/-/debug-4.4.3.tgz"
  integrity sha512-RGwwWnwQvkVfavKVt22FGLw+xYSdzARwm0ru6DhTVA3umU5hZc28V3kO4stgYryrTlLpuvgI9GiijltAjNbcqA==
  dependencies:
    ms "^2.1.3"

deepmerge@^4.2.2:
  version "4.3.1"
  resolved "https://registry.npmjs.org/deepmerge/-/deepmerge-4.3.1.tgz"
  integrity sha512-3sUqbMEc77XqpdNO7FRyRog+eW3ph+GYCbj+rK+uYyRMuwsVy0rMiVtPn+QJlKFvWP/1PYpapqYn0Me2knFn+A==

delayed-stream@~1.0.0:
  version "1.0.0"
  resolved "https://registry.npmjs.org/delayed-stream/-/delayed-stream-1.0.0.tgz"
  integrity sha512-ZySD7Nf91aLB0RxL4KGrKHBXl7Eds1DAmEdcoVawXnLD7SDhpNgtuII2aAkg7a7QS41jxPSZ17p4VdGnMHk3MQ==

dunder-proto@^1.0.1:
  version "1.0.1"
  resolved "https://registry.npmjs.org/dunder-proto/-/dunder-proto-1.0.1.tgz"
  integrity sha512-KIN/nDJBQRcXw0MLVhZE9iQHmG68qAVIBg9CqmUYjmQIhgij9U5MFvrqkUL5FbtyyzZuOeOt0zdeRe4UY7ct+A==
  dependencies:
    call-bind-apply-helpers "^1.0.1"
    es-errors "^1.3.0"
    gopd "^1.2.0"

end-of-stream@^1.1.0:
  version "1.4.5"
  resolved "https://registry.npmjs.org/end-of-stream/-/end-of-stream-1.4.5.tgz"
  integrity sha512-ooEGc6HP26xXq/N+GCGOT0JKCLDGrq2bQUZrQ7gyrJiZANJ/8YDTxTpQBXGMn+WbIQXNVpyWymm7KYVICQnyOg==
  dependencies:
    once "^1.4.0"

es-define-property@^1.0.1:
  version "1.0.1"
  resolved "https://registry.npmjs.org/es-define-property/-/es-define-property-1.0.1.tgz"
  integrity sha512-e3nRfgfUZ4rNGL232gUgX06QNyyez04KdjFrF+LTRoOXmrOgFKDg4BCdsjW8EnT69eqdYGmRpJwiPVYNrCaW3g==

es-errors@^1.3.0:
  version "1.3.0"
  resolved "https://registry.npmjs.org/es-errors/-/es-errors-1.3.0.tgz"
  integrity sha512-Zf5H2Kxt2xjTvbJvP2ZWLEICxA6j+hAmMzIlypy4xcBg1vKVnx89Wy0GbS+kf5cwCVFFzdCFh2XSCFNULS6csw==

es-object-atoms@^1.0.0, es-object-atoms@^1.1.1:
  version "1.1.1"
  resolved "https://registry.npmjs.org/es-object-atoms/-/es-object-atoms-1.1.1.tgz"
  integrity sha512-FGgH2h8zKNim9ljj7dankFPcICIK9Cp5bm+c2gQSYePhpaG5+esrLODihIorn+Pe6FGJzWhXQotPv73jTaldXA==
  dependencies:
    es-errors "^1.3.0"

es-set-tostringtag@^2.1.0:
  version "2.1.0"
  resolved "https://registry.npmjs.org/es-set-tostringtag/-/es-set-tostringtag-2.1.0.tgz"
  integrity sha512-j6vWzfrGVfyXxge+O0x5sh6cvxAog0a/4Rdd2K36zCMV5eJ+/+tOAngRO8cODMNWbVRdVlmGZQL2YS3yR8bIUA==
  dependencies:
    es-errors "^1.3.0"
    get-intrinsic "^1.2.6"
    has-tostringtag "^1.0.2"
    hasown "^2.0.2"

estree-walker@^2.0.2:
  version "2.0.2"
  resolved "https://registry.npmjs.org/estree-walker/-/estree-walker-2.0.2.tgz"
  integrity sha512-Rfkk/Mp/DL7JVje3u18FxFujQlTNR2q6QfMSMB7AvCBx91NGj/ba3kCfza0f6dVDbw7YlRf/nDrn7pQrCCyQ/w==

events-universal@^1.0.0:
  version "1.0.1"
  resolved "https://registry.npmjs.org/events-universal/-/events-universal-1.0.1.tgz"
  integrity sha512-LUd5euvbMLpwOF8m6ivPCbhQeSiYVNb8Vs0fQ8QjXo0JTkEHpz8pxdQf0gStltaPpw0Cca8b39KxvK9cfKRiAw==
  dependencies:
    bare-events "^2.7.0"

fast-content-type-parse@^3.0.0:
  version "3.0.0"
  resolved "https://registry.npmjs.org/fast-content-type-parse/-/fast-content-type-parse-3.0.0.tgz"
  integrity sha512-ZvLdcY8P+N8mGQJahJV5G4U88CSvT1rP8ApL6uETe88MBXrBHAkZlSEySdUlyztF7ccb+Znos3TFqaepHxdhBg==

fast-fifo@^1.2.0, fast-fifo@^1.3.2:
  version "1.3.2"
  resolved "https://registry.npmjs.org/fast-fifo/-/fast-fifo-1.3.2.tgz"
  integrity sha512-/d9sfos4yxzpwkDkuN7k2SqFKtYNmCTzgfEpz82x34IM9/zc8KGxQoXg1liNC/izpRM/MBdt44Nmx41ZWqk+FQ==

fdir@^6.2.0:
  version "6.5.0"
  resolved "https://registry.npmjs.org/fdir/-/fdir-6.5.0.tgz"
  integrity sha512-tIbYtZbucOs0BRGqPJkshJUYdL+SDH7dVM8gjy+ERp3WAUjLEFJE+02kanyHtwjWOnwrKYBiwAmM0p4kLJAnXg==

form-data@^4.0.0, form-data@^4.0.4:
  version "4.0.5"
  resolved "https://registry.npmjs.org/form-data/-/form-data-4.0.5.tgz"
  integrity sha512-8RipRLol37bNs2bhoV67fiTEvdTrbMUYcFTiy3+wuuOnUog2QBHCZWXDRijWQfAkhBj2Uf5UnVaiWwA5vdd82w==
  dependencies:
    asynckit "^0.4.0"
    combined-stream "^1.0.8"
    es-set-tostringtag "^2.1.0"
    hasown "^2.0.2"
    mime-types "^2.1.12"

fsevents@~2.3.2:
  version "2.3.3"
  resolved "https://registry.npmjs.org/fsevents/-/fsevents-2.3.3.tgz"
  integrity sha512-5xoDfX+fL7faATnagmWPpbFtwh/R77WmMMqqHGS65C3vvB0YHrgF+B1YmZ3441tMj5n63k0212XNoJwzlhffQw==

function-bind@^1.1.2:
  version "1.1.2"
  resolved "https://registry.npmjs.org/function-bind/-/function-bind-1.1.2.tgz"
  integrity sha512-7XHNxH7qX9xG5mIwxkhumTox/MIRNcOgDrxWsMt2pAr23WHp6MrRlN7FBSFpCpr+oVO0F744iUgR82nJMfG2SA==

get-intrinsic@^1.2.6:
  version "1.3.0"
  resolved "https://registry.npmjs.org/get-intrinsic/-/get-intrinsic-1.3.0.tgz"
  integrity sha512-9fSjSaos/fRIVIp+xSJlE6lfwhES7LNtKaCBIamHsjr2na1BiABJPo0mOjjz8GJDURarmCPGqaiVg5mfjb98CQ==
  dependencies:
    call-bind-apply-helpers "^1.0.2"
    es-define-property "^1.0.1"
    es-errors "^1.3.0"
    es-object-atoms "^1.1.1"
    function-bind "^1.1.2"
    get-proto "^1.0.1"
    gopd "^1.2.0"
    has-symbols "^1.1.0"
    hasown "^2.0.2"
    math-intrinsics "^1.1.0"

get-proto@^1.0.1:
  version "1.0.1"
  resolved "https://registry.npmjs.org/get-proto/-/get-proto-1.0.1.tgz"
  integrity sha512-sTSfBjoXBp89JvIKIefqw7U2CCebsc74kiY6awiGogKtoSGbgjYE/G/+l9sF3MWFPNc9IcoOC4ODfKHfxFmp0g==
  dependencies:
    dunder-proto "^1.0.1"
    es-object-atoms "^1.0.0"

gopd@^1.2.0:
  version "1.2.0"
  resolved "https://registry.npmjs.org/gopd/-/gopd-1.2.0.tgz"
  integrity sha512-ZUKRh6/kUFoAiTAtTYPZJ3hw9wNxx+BIBOijnlG9PnrJsCcSjs1wyyD6vJpaYtgnzDrKYRSqf3OO6Rfa93xsRg==

has-symbols@^1.0.3, has-symbols@^1.1.0:
  version "1.1.0"
  resolved "https://registry.npmjs.org/has-symbols/-/has-symbols-1.1.0.tgz"
  integrity sha512-1cDNdwJ2Jaohmb3sg4OmKaMBwuC48sYni5HUw2DvsC8LjGTLK9h+eb1X6RyuOHe4hT0ULCW68iomhjUoKUqlPQ==

has-tostringtag@^1.0.2:
  version "1.0.2"
  resolved "https://registry.npmjs.org/has-tostringtag/-/has-tostringtag-1.0.2.tgz"
  integrity sha512-NqADB8VjPFLM2V0VvHUewwwsw0ZWBaIdgo+ieHtK3hasLz4qeCRjYcqfB6AQrBggRKppKF8L52/VqdVsO47Dlw==
  dependencies:
    has-symbols "^1.0.3"

hasown@^2.0.2, hasown@^2.0.3:
  version "2.0.3"
  resolved "https://registry.npmjs.org/hasown/-/hasown-2.0.3.tgz"
  integrity sha512-ej4AhfhfL2Q2zpMmLo7U1Uv9+PyhIZpgQLGT1F9miIGmiCJIoCgSmczFdrc97mWT4kVY72KA+WnnhJ5pghSvSg==
  dependencies:
    function-bind "^1.1.2"

hpagent@^1.2.0:
  version "1.2.0"
  resolved "https://registry.npmjs.org/hpagent/-/hpagent-1.2.0.tgz"
  integrity sha512-A91dYTeIB6NoXG+PxTQpCCDDnfHsW9kc06Lvpu1TEe9gnd6ZFeiBoRO9JvzEv6xK7EX97/dUE8g/vBMTqTS3CA==

ip-address@^10.1.1:
  version "10.2.0"
  resolved "https://registry.npmjs.org/ip-address/-/ip-address-10.2.0.tgz"
  integrity sha512-/+S6j4E9AHvW9SWMSEY9Xfy66O5PWvVEJ08O0y5JGyEKQpojb0K0GKpz/v5HJ/G0vi3D2sjGK78119oXZeE0qA==

is-core-module@^2.16.1:
  version "2.16.2"
  resolved "https://registry.npmjs.org/is-core-module/-/is-core-module-2.16.2.tgz"
  integrity sha512-evOr8xfXKxE6qSR0hSXL2r3sd7ALj8+7jQEUvPYcm5sgZFdJ+AYzT6yNmJenvIYQBgIGwfwz08sL8zoL7yq2BA==
  dependencies:
    hasown "^2.0.3"

is-module@^1.0.0:
  version "1.0.0"
  resolved "https://registry.npmjs.org/is-module/-/is-module-1.0.0.tgz"
  integrity sha512-51ypPSPCoTEIN9dy5Oy+h4pShgJmPCygKfyRCISBI+JoWT/2oJvK8QPxmwv7b/p239jXrm9M1mlQbyKJ5A152g==

is-reference@1.2.1:
  version "1.2.1"
  resolved "https://registry.npmjs.org/is-reference/-/is-reference-1.2.1.tgz"
  integrity sha512-U82MsXXiFIrjCK4otLT+o2NA2Cd2g5MLoOVXUZjIOhLurrRxpEXzI8O0KZHr3IjLvlAH1kTPYSuqer5T9ZVBKQ==
  dependencies:
    "@types/estree" "*"

isomorphic-ws@^5.0.0:
  version "5.0.0"
  resolved "https://registry.npmjs.org/isomorphic-ws/-/isomorphic-ws-5.0.0.tgz"
  integrity sha512-muId7Zzn9ywDsyXgTIafTry2sV3nySZeUDe6YedVd1Hvuuep5AsIlqK+XefWpYTyJG5e503F2xIuT2lcU6rCSw==

jose@^6.2.2:
  version "6.2.3"
  resolved "https://registry.npmjs.org/jose/-/jose-6.2.3.tgz"
  integrity sha512-YYVDInQKFJfR/xa3ojUTl8c2KoTwiL1R5Wg9YCydwH0x0B9grbzlg5HC7mMjCtUJjbQ/YnGEZIhI5tCgfTb4Hw==

js-yaml@^4.1.0:
  version "4.1.1"
  resolved "https://registry.npmjs.org/js-yaml/-/js-yaml-4.1.1.tgz"
  integrity sha512-qQKT4zQxXl8lLwBtHMWwaTcGfFOZviOJet3Oy/xmGk2gZH677CJM9EvtfdSkgWcATZhj/55JZ0rmy3myCT5lsA==
  dependencies:
    argparse "^2.0.1"

jsep@^0.4.0||^1.0.0, jsep@^1.4.0:
  version "1.4.0"
  resolved "https://registry.npmjs.org/jsep/-/jsep-1.4.0.tgz"
  integrity sha512-B7qPcEVE3NVkmSJbaYxvv4cHkVW7DQsZz13pUMrfS8z8Q/BuShN+gcTXrUlPiGqM2/t/EEaI030bpxMqY8gMlw==

json-with-bigint@^3.5.3:
  version "3.5.8"
  resolved "https://registry.npmjs.org/json-with-bigint/-/json-with-bigint-3.5.8.tgz"
  integrity sha512-eq/4KP6K34kwa7TcFdtvnftvHCD9KvHOGGICWwMFc4dOOKF5t4iYqnfLK8otCRCRv06FXOzGGyqE8h8ElMvvdw==

jsonpath-plus@^10.3.0:
  version "10.4.0"
  resolved "https://registry.npmjs.org/jsonpath-plus/-/jsonpath-plus-10.4.0.tgz"
  integrity sha512-T92WWatJXmhBbKsgH/0hl+jxjdXrifi5IKeMY02DWggRxX0UElcbVzPlmgLTbvsPeW1PasQ6xE2Q75stkhGbsA==
  dependencies:
    "@jsep-plugin/assignment" "^1.3.0"
    "@jsep-plugin/regex" "^1.0.4"
    jsep "^1.4.0"

magic-string@^0.30.3:
  version "0.30.21"
  resolved "https://registry.npmjs.org/magic-string/-/magic-string-0.30.21.tgz"
  integrity sha512-vd2F4YUyEXKGcLHoq+TEyCjxueSeHnFxyyjNp80yg0XV4vUhnDer/lvvlqM/arB5bXQN5K2/3oinyCRyx8T2CQ==
  dependencies:
    "@jridgewell/sourcemap-codec" "^1.5.5"

math-intrinsics@^1.1.0:
  version "1.1.0"
  resolved "https://registry.npmjs.org/math-intrinsics/-/math-intrinsics-1.1.0.tgz"
  integrity sha512-/IXtbwEk5HTPyEwyKX6hGkYXxM9nbj64B+ilVJnC/R6B0pH5G4V3b0pVbL7DBj4tkhBAppbQUlf6F6Xl9LHu1g==

mime-db@1.52.0:
  version "1.52.0"
  resolved "https://registry.npmjs.org/mime-db/-/mime-db-1.52.0.tgz"
  integrity sha512-sPU4uV7dYlvtWJxwwxHD0PuihVNiE7TyAbQ5SWxDCB9mUYvOgroQOwYQQOKPJ8CIbE+1ETVlOoK1UC2nU3gYvg==

mime-types@^2.1.12:
  version "2.1.35"
  resolved "https://registry.npmjs.org/mime-types/-/mime-types-2.1.35.tgz"
  integrity sha512-ZDY+bPm5zTTF+YpCrAU9nK0UgICYPT0QtT1NZWFv4s++TNkcgVaT0g6+4R2uI4MjQjzysHB1zxuWL50hzaeXiw==
  dependencies:
    mime-db "1.52.0"

ms@^2.1.3:
  version "2.1.3"
  resolved "https://registry.npmjs.org/ms/-/ms-2.1.3.tgz"
  integrity sha512-6FlzubTLZG3J2a/NVCAleEhjzq5oxgHyaCU9yYXvcLsvoVaHJq/s5xXI6/XXP6tz7R9xAOtHnSO/tXtF3WRTlA==

node-fetch@^2.7.0:
  version "2.7.0"
  resolved "https://registry.npmjs.org/node-fetch/-/node-fetch-2.7.0.tgz"
  integrity sha512-c4FRfUm/dbcWZ7U+1Wq0AwCyFL+3nt2bEw05wfxSz+DWpWsitgmSgYmy2dQdWyKC1694ELPqMs/YzUSNozLt8A==
  dependencies:
    whatwg-url "^5.0.0"

oauth4webapi@^3.8.5:
  version "3.8.6"
  resolved "https://registry.npmjs.org/oauth4webapi/-/oauth4webapi-3.8.6.tgz"
  integrity sha512-iwemM91xz8nryHti2yTmg5fhyEMVOkOXwHNqbvcATjyajb5oQxCQzrNOA6uElRHuMhQQTKUyFKV9y/CNyg25BQ==

once@^1.3.1, once@^1.4.0:
  version "1.4.0"
  resolved "https://registry.npmjs.org/once/-/once-1.4.0.tgz"
  integrity sha512-lNaJgI+2Q5URQBkccEKHTQOPaXdUxnZZElQTZY0MFUAuaEqe1E+Nyvgdz/aIyNi6Z9MzO5dv1H8n58/GELp3+w==
  dependencies:
    wrappy "1"

openid-client@^6.1.3:
  version "6.8.4"
  resolved "https://registry.npmjs.org/openid-client/-/openid-client-6.8.4.tgz"
  integrity sha512-QSw0BA08piujetEwfZsHoTrDpMEha7GDZDicQqVwX4u0ChCjefvjDB++TZ8BTg76UpwhzIQgdvvfgfl3HpCSAw==
  dependencies:
    jose "^6.2.2"
    oauth4webapi "^3.8.5"

path-parse@^1.0.7:
  version "1.0.7"
  resolved "https://registry.npmjs.org/path-parse/-/path-parse-1.0.7.tgz"
  integrity sha512-LDJzPVEEEPR+y48z93A0Ed0yXb8pAByGWo/k5YYdYgpY2/2EsOsksJrq7lOHxryrVOn1ejG6oAp8ahvOIQD8sw==

"picomatch@^3 || ^4", picomatch@^4.0.2:
  version "4.0.4"
  resolved "https://registry.npmjs.org/picomatch/-/picomatch-4.0.4.tgz"
  integrity sha512-QP88BAKvMam/3NxH6vj2o21R6MjxZUAd6nlwAS/pnGvN9IVLocLHxGYIzFhg6fUQ+5th6P4dv4eW9jX3DSIj7A==

prettier@^3.8.3:
  version "3.8.3"
  resolved "https://registry.npmjs.org/prettier/-/prettier-3.8.3.tgz"
  integrity sha512-7igPTM53cGHMW8xWuVTydi2KO233VFiTNyF5hLJqpilHfmn8C8gPf+PS7dUT64YcXFbiMGZxS9pCSxL/Dxm/Jw==

pump@^3.0.0:
  version "3.0.4"
  resolved "https://registry.npmjs.org/pump/-/pump-3.0.4.tgz"
  integrity sha512-VS7sjc6KR7e1ukRFhQSY5LM2uBWAUPiOPa/A3mkKmiMwSmRFUITt0xuj+/lesgnCv+dPIEYlkzrcyXgquIHMcA==
  dependencies:
    end-of-stream "^1.1.0"
    once "^1.3.1"

resolve@^1.22.1:
  version "1.22.12"
  resolved "https://registry.npmjs.org/resolve/-/resolve-1.22.12.tgz"
  integrity sha512-TyeJ1zif53BPfHootBGwPRYT1RUt6oGWsaQr8UyZW/eAm9bKoijtvruSDEmZHm92CwS9nj7/fWttqPCgzep8CA==
  dependencies:
    es-errors "^1.3.0"
    is-core-module "^2.16.1"
    path-parse "^1.0.7"
    supports-preserve-symlinks-flag "^1.0.0"

rfc4648@^1.3.0:
  version "1.5.4"
  resolved "https://registry.npmjs.org/rfc4648/-/rfc4648-1.5.4.tgz"
  integrity sha512-rRg/6Lb+IGfJqO05HZkN50UtY7K/JhxJag1kP23+zyMfrvoB0B7RWv06MbOzoc79RgCdNTiUaNsTT1AJZ7Z+cg==

rollup@^1.20.0||^2.0.0||^3.0.0||^4.0.0, rollup@^2.14.0||^3.0.0||^4.0.0, rollup@^2.68.0||^3.0.0||^4.0.0, rollup@^2.78.0||^3.0.0||^4.0.0, rollup@^4.60.3:
  version "4.60.3"
  resolved "https://registry.npmjs.org/rollup/-/rollup-4.60.3.tgz"
  integrity sha512-pAQK9HalE84QSm4Po3EmWIZPd3FnjkShVkiMlz1iligWYkWQ7wHYd1PF/T7QZ5TVSD6uSTon5gBVMSM4JfBV+A==
  dependencies:
    "@types/estree" "1.0.8"
  optionalDependencies:
    "@rollup/rollup-android-arm-eabi" "4.60.3"
    "@rollup/rollup-android-arm64" "4.60.3"
    "@rollup/rollup-darwin-arm64" "4.60.3"
    "@rollup/rollup-darwin-x64" "4.60.3"
    "@rollup/rollup-freebsd-arm64" "4.60.3"
    "@rollup/rollup-freebsd-x64" "4.60.3"
    "@rollup/rollup-linux-arm-gnueabihf" "4.60.3"
    "@rollup/rollup-linux-arm-musleabihf" "4.60.3"
    "@rollup/rollup-linux-arm64-gnu" "4.60.3"
    "@rollup/rollup-linux-arm64-musl" "4.60.3"
    "@rollup/rollup-linux-loong64-gnu" "4.60.3"
    "@rollup/rollup-linux-loong64-musl" "4.60.3"
    "@rollup/rollup-linux-ppc64-gnu" "4.60.3"
    "@rollup/rollup-linux-ppc64-musl" "4.60.3"
    "@rollup/rollup-linux-riscv64-gnu" "4.60.3"
    "@rollup/rollup-linux-riscv64-musl" "4.60.3"
    "@rollup/rollup-linux-s390x-gnu" "4.60.3"
    "@rollup/rollup-linux-x64-gnu" "4.60.3"
    "@rollup/rollup-linux-x64-musl" "4.60.3"
    "@rollup/rollup-openbsd-x64" "4.60.3"
    "@rollup/rollup-openharmony-arm64" "4.60.3"
    "@rollup/rollup-win32-arm64-msvc" "4.60.3"
    "@rollup/rollup-win32-ia32-msvc" "4.60.3"
    "@rollup/rollup-win32-x64-gnu" "4.60.3"
    "@rollup/rollup-win32-x64-msvc" "4.60.3"
    fsevents "~2.3.2"

smart-buffer@^4.2.0:
  version "4.2.0"
  resolved "https://registry.npmjs.org/smart-buffer/-/smart-buffer-4.2.0.tgz"
  integrity sha512-94hK0Hh8rPqQl2xXc3HsaBoOXKV20MToPkcXvwbISWLEs+64sBq5kFgn2kJDHb1Pry9yrP0dxrCI9RRci7RXKg==

socks-proxy-agent@^8.0.4:
  version "8.0.5"
  resolved "https://registry.npmjs.org/socks-proxy-agent/-/socks-proxy-agent-8.0.5.tgz"
  integrity sha512-HehCEsotFqbPW9sJ8WVYB6UbmIMv7kUUORIF2Nncq4VQvBfNBLibW9YZR5dlYCSUhwcD628pRllm7n+E+YTzJw==
  dependencies:
    agent-base "^7.1.2"
    debug "^4.3.4"
    socks "^2.8.3"

socks@^2.8.3:
  version "2.8.8"
  resolved "https://registry.npmjs.org/socks/-/socks-2.8.8.tgz"
  integrity sha512-NlGELfPrgX2f1TAAcz0WawlLn+0r3FyhhCRpFFK2CemXenPYvzMWWZINv3eDNo9ucdwme7oCHRY0Jnbs4aIkog==
  dependencies:
    ip-address "^10.1.1"
    smart-buffer "^4.2.0"

stream-buffers@^3.0.2:
  version "3.0.3"
  resolved "https://registry.npmjs.org/stream-buffers/-/stream-buffers-3.0.3.tgz"
  integrity sha512-pqMqwQCso0PBJt2PQmDO0cFj0lyqmiwOMiMSkVtRokl7e+ZTRYgDHKnuZNbqjiJXgsg4nuqtD/zxuo9KqTp0Yw==

streamx@^2.12.5, streamx@^2.15.0, streamx@^2.25.0:
  version "2.25.0"
  resolved "https://registry.npmjs.org/streamx/-/streamx-2.25.0.tgz"
  integrity sha512-0nQuG6jf1w+wddNEEXCF4nTg3LtufWINB5eFEN+5TNZW7KWJp6x87+JFL43vaAUPyCfH1wID+mNVyW6OHtFamg==
  dependencies:
    events-universal "^1.0.0"
    fast-fifo "^1.3.2"
    text-decoder "^1.1.0"

supports-preserve-symlinks-flag@^1.0.0:
  version "1.0.0"
  resolved "https://registry.npmjs.org/supports-preserve-symlinks-flag/-/supports-preserve-symlinks-flag-1.0.0.tgz"
  integrity sha512-ot0WnXS9fgdkgIcePe6RHNk1WA8+muPa6cSjeR3V8K27q9BB1rTE3R1p7Hv0z1ZyAc8s6Vvv8DIyWf681MAt0w==

tar-fs@^3.0.9:
  version "3.1.2"
  resolved "https://registry.npmjs.org/tar-fs/-/tar-fs-3.1.2.tgz"
  integrity sha512-QGxxTxxyleAdyM3kpFs14ymbYmNFrfY+pHj7Z8FgtbZ7w2//VAgLMac7sT6nRpIHjppXO2AwwEOg0bPFVRcmXw==
  dependencies:
    pump "^3.0.0"
    tar-stream "^3.1.5"
  optionalDependencies:
    bare-fs "^4.0.1"
    bare-path "^3.0.0"

tar-stream@^3.1.5:
  version "3.2.0"
  resolved "https://registry.npmjs.org/tar-stream/-/tar-stream-3.2.0.tgz"
  integrity sha512-ojzvCvVaNp6aOTFmG7jaRD0meowIAuPc3cMMhSgKiVWws1GyHbGd/xvnyuRKcKlMpt3qvxx6r0hreCNITP9hIg==
  dependencies:
    b4a "^1.6.4"
    bare-fs "^4.5.5"
    fast-fifo "^1.2.0"
    streamx "^2.15.0"

teex@^1.0.1:
  version "1.0.1"
  resolved "https://registry.npmjs.org/teex/-/teex-1.0.1.tgz"
  integrity sha512-eYE6iEI62Ni1H8oIa7KlDU6uQBtqr4Eajni3wX7rpfXD8ysFx8z0+dri+KWEPWpBsxXfxu58x/0jvTVT1ekOSg==
  dependencies:
    streamx "^2.12.5"

text-decoder@^1.1.0:
  version "1.2.7"
  resolved "https://registry.npmjs.org/text-decoder/-/text-decoder-1.2.7.tgz"
  integrity sha512-vlLytXkeP4xvEq2otHeJfSQIRyWxo/oZGEbXrtEEF9Hnmrdly59sUbzZ/QgyWuLYHctCHxFF4tRQZNQ9k60ExQ==
  dependencies:
    b4a "^1.6.4"

tr46@~0.0.3:
  version "0.0.3"
  resolved "https://registry.npmjs.org/tr46/-/tr46-0.0.3.tgz"
  integrity sha512-N3WMsuqV66lT30CrXNbEjx4GEwlow3v6rr4mCcv6prnfwhS01rkgyFdjPNBYd9br7LpXV1+Emh01fHnq2Gdgrw==

tslib@*, tslib@^2.8.1:
  version "2.8.1"
  resolved "https://registry.npmjs.org/tslib/-/tslib-2.8.1.tgz"
  integrity sha512-oJFu94HQb+KVduSUQL7wnpmqnfmLsOA/nAh6b6EH0wCEoK0/mPeXU6c3wKDV83MkOuHPRHtSXKKU99IBazS/2w==

tunnel@^0.0.6:
  version "0.0.6"
  resolved "https://registry.npmjs.org/tunnel/-/tunnel-0.0.6.tgz"
  integrity sha512-1h/Lnq9yajKY2PEbBadPXj3VxsDDu844OnaAo52UVmIzIvwwtBPIuNvkjuzBlTWpfJyUbG3ez0KSBibQkj4ojg==

typescript@^6.0.3, typescript@>=3.7.0:
  version "6.0.3"
  resolved "https://registry.npmjs.org/typescript/-/typescript-6.0.3.tgz"
  integrity sha512-y2TvuxSZPDyQakkFRPZHKFm+KKVqIisdg9/CZwm9ftvKXLP8NRWj38/ODjNbr43SsoXqNuAisEf1GdCxqWcdBw==

undici-types@~7.16.0:
  version "7.16.0"
  resolved "https://registry.npmjs.org/undici-types/-/undici-types-7.16.0.tgz"
  integrity sha512-Zz+aZWSj8LE6zoxD+xrjh4VfkIG8Ya6LvYkZqtUQGJPZjYl53ypCaUwWqo7eI0x66KBGeRo+mlBEkMSeSZ38Nw==

undici@^6.23.0:
  version "6.25.0"
  resolved "https://registry.npmjs.org/undici/-/undici-6.25.0.tgz"
  integrity sha512-ZgpWDC5gmNiuY9CnLVXEH8rl50xhRCuLNA97fAUnKi8RRuV4E6KG31pDTsLVUKnohJE0I3XDrTeEydAXRw47xg==

universal-user-agent@^7.0.0, universal-user-agent@^7.0.2:
  version "7.0.3"
  resolved "https://registry.npmjs.org/universal-user-agent/-/universal-user-agent-7.0.3.tgz"
  integrity sha512-TmnEAEAsBJVZM/AADELsK76llnwcf9vMKuPz8JflO1frO8Lchitr0fNaN9d+Ap0BjKtqWqd/J17qeDnXh8CL2A==

webidl-conversions@^3.0.0:
  version "3.0.1"
  resolved "https://registry.npmjs.org/webidl-conversions/-/webidl-conversions-3.0.1.tgz"
  integrity sha512-2JAn3z8AR6rjK8Sm8orRC0h/bcl/DqL7tRPdGZ4I1CjdF+EaMLmYxBHyXuKL849eucPFhvBoxMsflfOb8kxaeQ==

whatwg-url@^5.0.0:
  version "5.0.0"
  resolved "https://registry.npmjs.org/whatwg-url/-/whatwg-url-5.0.0.tgz"
  integrity sha512-saE57nupxk6v3HY35+jzBwYa0rKSy0XR8JSxZPwgLr7ys0IBzhGviA1/TUGJLmSVqs8pb9AnvICXEuOHLprYTw==
  dependencies:
    tr46 "~0.0.3"
    webidl-conversions "^3.0.0"

wrappy@1:
  version "1.0.2"
  resolved "https://registry.npmjs.org/wrappy/-/wrappy-1.0.2.tgz"
  integrity sha512-l4Sp/DRseor9wL6EvV2+TuQn63dMkPjZ/sp9XkghTEbV9KlPS1xUsZ3u7/IQO4wxtcFB4bgpQPRcR3QCvezPcQ==

ws@*, ws@^8.18.2:
  version "8.20.0"
  resolved "https://registry.npmjs.org/ws/-/ws-8.20.0.tgz"
  integrity sha512-sAt8BhgNbzCtgGbt2OxmpuryO63ZoDk/sqaB/znQm94T4fCEsy/yV+7CdC1kJhOU9lboAEU7R3kquuycDoibVA==
