# THIS IS AN AUTOGENERATED FILE. DO NOT EDIT THIS FILE DIRECTLY.
# yarn lockfile v1


"@actions/core@^2.0.1":
  version "2.0.1"
  resolved "https://registry.npmmirror.com/@actions/core/-/core-2.0.1.tgz#fc4961acb04f6253bcdf83ad356e013ba29fc218"
  integrity sha512-oBfqT3GwkvLlo1fjvhQLQxuwZCGTarTE5OuZ2Wg10hvhBj7LRIlF611WT4aZS6fDhO5ZKlY7lCAZTlpmyaHaeg==
  dependencies:
    "@actions/exec" "^2.0.0"
    "@actions/http-client" "^3.0.0"

"@actions/exec@^2.0.0":
  version "2.0.0"
  resolved "https://registry.npmmirror.com/@actions/exec/-/exec-2.0.0.tgz#35e829723389f80e362ec2cc415697ec74362ad8"
  integrity sha512-k8ngrX2voJ/RIN6r9xB82NVqKpnMRtxDoiO+g3olkIUpQNqjArXrCQceduQZCQj3P3xm32pChRLqRrtXTlqhIw==
  dependencies:
    "@actions/io" "^2.0.0"

"@actions/github@^6.0.1":
  version "6.0.1"
  resolved "https://registry.npmmirror.com/@actions/github/-/github-6.0.1.tgz#76e5f96df062c90635a7181ef45ff1c4ac21306e"
  integrity sha512-xbZVcaqD4XnQAe35qSQqskb3SqIAfRyLBrHMd/8TuL7hJSz2QtbDwnNM8zWx4zO5l2fnGtseNE3MbEvD7BxVMw==
  dependencies:
    "@actions/http-client" "^2.2.0"
    "@octokit/core" "^5.0.1"
    "@octokit/plugin-paginate-rest" "^9.2.2"
    "@octokit/plugin-rest-endpoint-methods" "^10.4.0"
    "@octokit/request" "^8.4.1"
    "@octokit/request-error" "^5.1.1"
    undici "^5.28.5"

"@actions/http-client@^2.2.0":
  version "2.2.3"
  resolved "https://registry.npmmirror.com/@actions/http-client/-/http-client-2.2.3.tgz#31fc0b25c0e665754ed39a9f19a8611fc6dab674"
  integrity sha512-mx8hyJi/hjFvbPokCg4uRd4ZX78t+YyRPtnKWwIl+RzNaVuFpQHfmlGVfsKEJN8LwTCvL+DfVgAM04XaHkm6bA==
  dependencies:
    tunnel "^0.0.6"
    undici "^5.25.4"

"@actions/http-client@^3.0.0":
  version "3.0.0"
  resolved "https://registry.npmmirror.com/@actions/http-client/-/http-client-3.0.0.tgz#6c6058bef29c0580d6683a08c5bf0362c90c2e6e"
  integrity sha512-1s3tXAfVMSz9a4ZEBkXXRQD4QhY3+GAsWSbaYpeknPOKEeyRiU3lH+bHiLMZdo2x/fIeQ/hscL1wCkDLVM2DZQ==
  dependencies:
    tunnel "^0.0.6"
    undici "^5.28.5"

"@actions/io@^2.0.0":
  version "2.0.0"
  resolved "https://registry.npmmirror.com/@actions/io/-/io-2.0.0.tgz#3ad1271ba3cd515324f2215e8d4c1c0c3864d65b"
  integrity sha512-Jv33IN09XLO+0HS79aaODsvIRyduiF7NY/F6LYeK5oeUmrsz7aFdRphQjFoESF4jS7lMauDOttKALcpapVDIAg==

"@fastify/busboy@^2.0.0":
  version "2.1.1"
  resolved "https://registry.npmmirror.com/@fastify/busboy/-/busboy-2.1.1.tgz#b9da6a878a371829a0502c9b6c1c143ef6663f4d"
  integrity sha512-vBZP4NlzfOlerQTnba4aqZoMhE/a9HY7HRqoOPaETQcSQuWEIyZMHGfVu6w9wGtGK5fED5qRs2DteVCjOH60sA==

"@jridgewell/sourcemap-codec@^1.5.5":
  version "1.5.5"
  resolved "https://registry.npmmirror.com/@jridgewell/sourcemap-codec/-/sourcemap-codec-1.5.5.tgz#6912b00d2c631c0d15ce1a7ab57cd657f2a8f8ba"
  integrity sha512-cYQ9310grqxueWbl+WuIUIaiUaDcj7WOq5fVhEljNVgRfOUhY9fy2zTvfoqWsnebh8Sl70VScFbICvJnLKB0Og==

"@jsep-plugin/assignment@^1.3.0":
  version "1.3.0"
  resolved "https://registry.npmmirror.com/@jsep-plugin/assignment/-/assignment-1.3.0.tgz#fcfc5417a04933f7ceee786e8ab498aa3ce2b242"
  integrity sha512-VVgV+CXrhbMI3aSusQyclHkenWSAm95WaiKrMxRFam3JSUiIaQjoMIw2sEs/OX4XifnqeQUN4DYbJjlA8EfktQ==

"@jsep-plugin/regex@^1.0.4":
  version "1.0.4"
  resolved "https://registry.npmmirror.com/@jsep-plugin/regex/-/regex-1.0.4.tgz#cb2fc423220fa71c609323b9ba7f7d344a755fcc"
  integrity sha512-q7qL4Mgjs1vByCaTnDFcBnV9HS7GVPJX5vyVoCgZHNSC9rjwIlmbXG5sUuorR5ndfHAIlJ8pVStxvjXHbNvtUg==

"@kubernetes/client-node@^1.4.0":
  version "1.4.0"
  resolved "https://registry.npmmirror.com/@kubernetes/client-node/-/client-node-1.4.0.tgz#35b72d31f662befd9a2869e172b3153a3443e368"
  integrity sha512-Zge3YvF7DJi264dU1b3wb/GmzR99JhUpqTvp+VGHfwZT+g7EOOYNScDJNZwXy9cszyIGPIs0VHr+kk8e95qqrA==
  dependencies:
    "@types/js-yaml" "^4.0.1"
    "@types/node" "^24.0.0"
    "@types/node-fetch" "^2.6.13"
    "@types/stream-buffers" "^3.0.3"
    form-data "^4.0.0"
    hpagent "^1.2.0"
    isomorphic-ws "^5.0.0"
    js-yaml "^4.1.0"
    jsonpath-plus "^10.3.0"
    node-fetch "^2.7.0"
    openid-client "^6.1.3"
    rfc4648 "^1.3.0"
    socks-proxy-agent "^8.0.4"
    stream-buffers "^3.0.2"
    tar-fs "^3.0.9"
    ws "^8.18.2"

"@octokit/auth-token@^4.0.0":
  version "4.0.0"
  resolved "https://registry.npmmirror.com/@octokit/auth-token/-/auth-token-4.0.0.tgz#40d203ea827b9f17f42a29c6afb93b7745ef80c7"
  integrity sha512-tY/msAuJo6ARbK6SPIxZrPBms3xPbfwBrulZe0Wtr/DIY9lje2HeV1uoebShn6mx7SjCHif6EjMvoREj+gZ+SA==

"@octokit/core@^5.0.1":
  version "5.2.2"
  resolved "https://registry.npmmirror.com/@octokit/core/-/core-5.2.2.tgz#252805732de9b4e8e4f658d34b80c4c9b2534761"
  integrity sha512-/g2d4sW9nUDJOMz3mabVQvOGhVa4e/BN/Um7yca9Bb2XTzPPnfTWHWQg+IsEYO7M3Vx+EXvaM/I2pJWIMun1bg==
  dependencies:
    "@octokit/auth-token" "^4.0.0"
    "@octokit/graphql" "^7.1.0"
    "@octokit/request" "^8.4.1"
    "@octokit/request-error" "^5.1.1"
    "@octokit/types" "^13.0.0"
    before-after-hook "^2.2.0"
    universal-user-agent "^6.0.0"

"@octokit/endpoint@^9.0.6":
  version "9.0.6"
  resolved "https://registry.npmmirror.com/@octokit/endpoint/-/endpoint-9.0.6.tgz#114d912108fe692d8b139cfe7fc0846dfd11b6c0"
  integrity sha512-H1fNTMA57HbkFESSt3Y9+FBICv+0jFceJFPWDePYlR/iMGrwM5ph+Dd4XRQs+8X+PUFURLQgX9ChPfhJ/1uNQw==
  dependencies:
    "@octokit/types" "^13.1.0"
    universal-user-agent "^6.0.0"

"@octokit/graphql@^7.1.0":
  version "7.1.1"
  resolved "https://registry.npmmirror.com/@octokit/graphql/-/graphql-7.1.1.tgz#79d9f3d0c96a8fd13d64186fe5c33606d48b79cc"
  integrity sha512-3mkDltSfcDUoa176nlGoA32RGjeWjl3K7F/BwHwRMJUW/IteSa4bnSV8p2ThNkcIcZU2umkZWxwETSSCJf2Q7g==
  dependencies:
    "@octokit/request" "^8.4.1"
    "@octokit/types" "^13.0.0"
    universal-user-agent "^6.0.0"

"@octokit/openapi-types@^20.0.0":
  version "20.0.0"
  resolved "https://registry.npmmirror.com/@octokit/openapi-types/-/openapi-types-20.0.0.tgz#9ec2daa0090eeb865ee147636e0c00f73790c6e5"
  integrity sha512-EtqRBEjp1dL/15V7WiX5LJMIxxkdiGJnabzYx5Apx4FkQIFgAfKumXeYAqqJCj1s+BMX4cPFIFC4OLCR6stlnA==

"@octokit/openapi-types@^24.2.0":
  version "24.2.0"
  resolved "https://registry.npmmirror.com/@octokit/openapi-types/-/openapi-types-24.2.0.tgz#3d55c32eac0d38da1a7083a9c3b0cca77924f7d3"
  integrity sha512-9sIH3nSUttelJSXUrmGzl7QUBFul0/mB8HRYl3fOlgHbIWG+WnYDXU3v/2zMtAvuzZ/ed00Ei6on975FhBfzrg==

"@octokit/plugin-paginate-rest@^9.2.2":
  version "9.2.2"
  resolved "https://registry.npmmirror.com/@octokit/plugin-paginate-rest/-/plugin-paginate-rest-9.2.2.tgz#c516bc498736bcdaa9095b9a1d10d9d0501ae831"
  integrity sha512-u3KYkGF7GcZnSD/3UP0S7K5XUFT2FkOQdcfXZGZQPGv3lm4F2Xbf71lvjldr8c1H3nNbF+33cLEkWYbokGWqiQ==
  dependencies:
    "@octokit/types" "^12.6.0"

"@octokit/plugin-rest-endpoint-methods@^10.4.0":
  version "10.4.1"
  resolved "https://registry.npmmirror.com/@octokit/plugin-rest-endpoint-methods/-/plugin-rest-endpoint-methods-10.4.1.tgz#41ba478a558b9f554793075b2e20cd2ef973be17"
  integrity sha512-xV1b+ceKV9KytQe3zCVqjg+8GTGfDYwaT1ATU5isiUyVtlVAO3HNdzpS4sr4GBx4hxQ46s7ITtZrAsxG22+rVg==
  dependencies:
    "@octokit/types" "^12.6.0"

"@octokit/request-error@^5.1.1":
  version "5.1.1"
  resolved "https://registry.npmmirror.com/@octokit/request-error/-/request-error-5.1.1.tgz#b9218f9c1166e68bb4d0c89b638edc62c9334805"
  integrity sha512-v9iyEQJH6ZntoENr9/yXxjuezh4My67CBSu9r6Ve/05Iu5gNgnisNWOsoJHTP6k0Rr0+HQIpnH+kyammu90q/g==
  dependencies:
    "@octokit/types" "^13.1.0"
    deprecation "^2.0.0"
    once "^1.4.0"

"@octokit/request@^8.4.1":
  version "8.4.1"
  resolved "https://registry.npmmirror.com/@octokit/request/-/request-8.4.1.tgz#715a015ccf993087977ea4365c44791fc4572486"
  integrity sha512-qnB2+SY3hkCmBxZsR/MPCybNmbJe4KAlfWErXq+rBKkQJlbjdJeS85VI9r8UqeLYLvnAenU8Q1okM/0MBsAGXw==
  dependencies:
    "@octokit/endpoint" "^9.0.6"
    "@octokit/request-error" "^5.1.1"
    "@octokit/types" "^13.1.0"
    universal-user-agent "^6.0.0"

"@octokit/types@^12.6.0":
  version "12.6.0"
  resolved "https://registry.npmmirror.com/@octokit/types/-/types-12.6.0.tgz#8100fb9eeedfe083aae66473bd97b15b62aedcb2"
  integrity sha512-1rhSOfRa6H9w4YwK0yrf5faDaDTb+yLyBUKOCV4xtCDB5VmIPqd/v9yr9o6SAzOAlRxMiRiCic6JVM1/kunVkw==
  dependencies:
    "@octokit/openapi-types" "^20.0.0"

"@octokit/types@^13.0.0", "@octokit/types@^13.1.0":
  version "13.10.0"
  resolved "https://registry.npmmirror.com/@octokit/types/-/types-13.10.0.tgz#3e7c6b19c0236c270656e4ea666148c2b51fd1a3"
  integrity sha512-ifLaO34EbbPj0Xgro4G5lP5asESjwHracYJvVaPIyXMuiuXLlhic3S47cBdTb+jfODkTE5YtGCLt3Ay3+J97sA==
  dependencies:
    "@octokit/openapi-types" "^24.2.0"

"@rollup/plugin-commonjs@^29.0.0":
  version "29.0.0"
  resolved "https://registry.npmmirror.com/@rollup/plugin-commonjs/-/plugin-commonjs-29.0.0.tgz#42a6cc0eeb8ae7aabfc6f9bdc28fe22d65abd15a"
  integrity sha512-U2YHaxR2cU/yAiwKJtJRhnyLk7cifnQw0zUpISsocBDoHDJn+HTV74ABqnwr5bEgWUwFZC9oFL6wLe21lHu5eQ==
  dependencies:
    "@rollup/pluginutils" "^5.0.1"
    commondir "^1.0.1"
    estree-walker "^2.0.2"
    fdir "^6.2.0"
    is-reference "1.2.1"
    magic-string "^0.30.3"
    picomatch "^4.0.2"

"@rollup/plugin-json@^6.1.0":
  version "6.1.0"
  resolved "https://registry.npmmirror.com/@rollup/plugin-json/-/plugin-json-6.1.0.tgz#fbe784e29682e9bb6dee28ea75a1a83702e7b805"
  integrity sha512-EGI2te5ENk1coGeADSIwZ7G2Q8CJS2sF120T7jLw4xFw9n7wIOXHo+kIYRAoVpJAN+kmqZSoO3Fp4JtoNF4ReA==
  dependencies:
    "@rollup/pluginutils" "^5.1.0"

"@rollup/plugin-node-resolve@^16.0.3":
  version "16.0.3"
  resolved "https://registry.npmmirror.com/@rollup/plugin-node-resolve/-/plugin-node-resolve-16.0.3.tgz#0988e6f2cbb13316b0f5e7213f757bc9ed44928f"
  integrity sha512-lUYM3UBGuM93CnMPG1YocWu7X802BrNF3jW2zny5gQyLQgRFJhV1Sq0Zi74+dh/6NBx1DxFC4b4GXg9wUCG5Qg==
  dependencies:
    "@rollup/pluginutils" "^5.0.1"
    "@types/resolve" "1.20.2"
    deepmerge "^4.2.2"
    is-module "^1.0.0"
    resolve "^1.22.1"

"@rollup/plugin-typescript@^12.3.0":
  version "12.3.0"
  resolved "https://registry.npmmirror.com/@rollup/plugin-typescript/-/plugin-typescript-12.3.0.tgz#cc51b830973bc14c9456fe6532f322f2a40f5f12"
  integrity sha512-7DP0/p7y3t67+NabT9f8oTBFE6gGkto4SA6Np2oudYmZE/m1dt8RB0SjL1msMxFpLo631qjRCcBlAbq1ml/Big==
  dependencies:
    "@rollup/pluginutils" "^5.1.0"
    resolve "^1.22.1"

"@rollup/pluginutils@^5.0.1", "@rollup/pluginutils@^5.1.0":
  version "5.3.0"
  resolved "https://registry.npmmirror.com/@rollup/pluginutils/-/pluginutils-5.3.0.tgz#57ba1b0cbda8e7a3c597a4853c807b156e21a7b4"
  integrity sha512-5EdhGZtnu3V88ces7s53hhfK5KSASnJZv8Lulpc04cWO3REESroJXg73DFsOmgbU2BhwV0E20bu2IDZb3VKW4Q==
  dependencies:
    "@types/estree" "^1.0.0"
    estree-walker "^2.0.2"
    picomatch "^4.0.2"

"@rollup/rollup-android-arm-eabi@4.53.5":
  version "4.53.5"
  resolved "https://registry.npmmirror.com/@rollup/rollup-android-arm-eabi/-/rollup-android-arm-eabi-4.53.5.tgz#3d12635170ef3d32aa9222b4fb92b5d5400f08e9"
  integrity sha512-iDGS/h7D8t7tvZ1t6+WPK04KD0MwzLZrG0se1hzBjSi5fyxlsiggoJHwh18PCFNn7tG43OWb6pdZ6Y+rMlmyNQ==

"@rollup/rollup-android-arm64@4.53.5":
  version "4.53.5"
  resolved "https://registry.npmmirror.com/@rollup/rollup-android-arm64/-/rollup-android-arm64-4.53.5.tgz#cd2a448be8fb337f6e5ca12a3053a407ac80766d"
  integrity sha512-wrSAViWvZHBMMlWk6EJhvg8/rjxzyEhEdgfMMjREHEq11EtJ6IP6yfcCH57YAEca2Oe3FNCE9DSTgU70EIGmVw==

"@rollup/rollup-darwin-arm64@4.53.5":
  version "4.53.5"
  resolved "https://registry.npmmirror.com/@rollup/rollup-darwin-arm64/-/rollup-darwin-arm64-4.53.5.tgz#651263a5eb362a3730f8d5df2a55d1dab8a6a720"
  integrity sha512-S87zZPBmRO6u1YXQLwpveZm4JfPpAa6oHBX7/ghSiGH3rz/KDgAu1rKdGutV+WUI6tKDMbaBJomhnT30Y2t4VQ==

"@rollup/rollup-darwin-x64@4.53.5":
  version "4.53.5"
  resolved "https://registry.npmmirror.com/@rollup/rollup-darwin-x64/-/rollup-darwin-x64-4.53.5.tgz#76956ce183eb461a58735770b7bf3030a549ceea"
  integrity sha512-YTbnsAaHo6VrAczISxgpTva8EkfQus0VPEVJCEaboHtZRIb6h6j0BNxRBOwnDciFTZLDPW5r+ZBmhL/+YpTZgA==

"@rollup/rollup-freebsd-arm64@4.53.5":
  version "4.53.5"
  resolved "https://registry.npmmirror.com/@rollup/rollup-freebsd-arm64/-/rollup-freebsd-arm64-4.53.5.tgz#287448b57d619007b14d34ed35bf1bc4f41c023b"
  integrity sha512-1T8eY2J8rKJWzaznV7zedfdhD1BqVs1iqILhmHDq/bqCUZsrMt+j8VCTHhP0vdfbHK3e1IQ7VYx3jlKqwlf+vw==

"@rollup/rollup-freebsd-x64@4.53.5":
  version "4.53.5"
  resolved "https://registry.npmmirror.com/@rollup/rollup-freebsd-x64/-/rollup-freebsd-x64-4.53.5.tgz#e6dca813e189aa189dab821ea8807f48873b80f2"
  integrity sha512-sHTiuXyBJApxRn+VFMaw1U+Qsz4kcNlxQ742snICYPrY+DDL8/ZbaC4DVIB7vgZmp3jiDaKA0WpBdP0aqPJoBQ==

"@rollup/rollup-linux-arm-gnueabihf@4.53.5":
  version "4.53.5"
  resolved "https://registry.npmmirror.com/@rollup/rollup-linux-arm-gnueabihf/-/rollup-linux-arm-gnueabihf-4.53.5.tgz#74045a96fa6c5b1b1269440a68d1496d34b1730a"
  integrity sha512-dV3T9MyAf0w8zPVLVBptVlzaXxka6xg1f16VAQmjg+4KMSTWDvhimI/Y6mp8oHwNrmnmVl9XxJ/w/mO4uIQONA==

"@rollup/rollup-linux-arm-musleabihf@4.53.5":
  version "4.53.5"
  resolved "https://registry.npmmirror.com/@rollup/rollup-linux-arm-musleabihf/-/rollup-linux-arm-musleabihf-4.53.5.tgz#7d175bddc9acffc40431ee3fb9417136ccc499e1"
  integrity sha512-wIGYC1x/hyjP+KAu9+ewDI+fi5XSNiUi9Bvg6KGAh2TsNMA3tSEs+Sh6jJ/r4BV/bx/CyWu2ue9kDnIdRyafcQ==

"@rollup/rollup-linux-arm64-gnu@4.53.5":
  version "4.53.5"
  resolved "https://registry.npmmirror.com/@rollup/rollup-linux-arm64-gnu/-/rollup-linux-arm64-gnu-4.53.5.tgz#228b0aec95b24f4080175b51396cd14cb275e38f"
  integrity sha512-Y+qVA0D9d0y2FRNiG9oM3Hut/DgODZbU9I8pLLPwAsU0tUKZ49cyV1tzmB/qRbSzGvY8lpgGkJuMyuhH7Ma+Vg==

"@rollup/rollup-linux-arm64-musl@4.53.5":
  version "4.53.5"
  resolved "https://registry.npmmirror.com/@rollup/rollup-linux-arm64-musl/-/rollup-linux-arm64-musl-4.53.5.tgz#079050e023fad9bbb95d1d36fcfad23eeb0e1caa"
  integrity sha512-juaC4bEgJsyFVfqhtGLz8mbopaWD+WeSOYr5E16y+1of6KQjc0BpwZLuxkClqY1i8sco+MdyoXPNiCkQou09+g==

"@rollup/rollup-linux-loong64-gnu@4.53.5":
  version "4.53.5"
  resolved "https://registry.npmmirror.com/@rollup/rollup-linux-loong64-gnu/-/rollup-linux-loong64-gnu-4.53.5.tgz#3849451858c4d5c8838b5e16ec339b8e49aaf68a"
  integrity sha512-rIEC0hZ17A42iXtHX+EPJVL/CakHo+tT7W0pbzdAGuWOt2jxDFh7A/lRhsNHBcqL4T36+UiAgwO8pbmn3dE8wA==

"@rollup/rollup-linux-ppc64-gnu@4.53.5":
  version "4.53.5"
  resolved "https://registry.npmmirror.com/@rollup/rollup-linux-ppc64-gnu/-/rollup-linux-ppc64-gnu-4.53.5.tgz#10bdab69c660f6f7b48e23f17c42637aa1f9b29a"
  integrity sha512-T7l409NhUE552RcAOcmJHj3xyZ2h7vMWzcwQI0hvn5tqHh3oSoclf9WgTl+0QqffWFG8MEVZZP1/OBglKZx52Q==

"@rollup/rollup-linux-riscv64-gnu@4.53.5":
  version "4.53.5"
  resolved "https://registry.npmmirror.com/@rollup/rollup-linux-riscv64-gnu/-/rollup-linux-riscv64-gnu-4.53.5.tgz#c0e776c6193369ee16f8e9ebf6a6ec09828d603d"
  integrity sha512-7OK5/GhxbnrMcxIFoYfhV/TkknarkYC1hqUw1wU2xUN3TVRLNT5FmBv4KkheSG2xZ6IEbRAhTooTV2+R5Tk0lQ==

"@rollup/rollup-linux-riscv64-musl@4.53.5":
  version "4.53.5"
  resolved "https://registry.npmmirror.com/@rollup/rollup-linux-riscv64-musl/-/rollup-linux-riscv64-musl-4.53.5.tgz#6fcfb9084822036b9e4ff66e5c8b472d77226fae"
  integrity sha512-GwuDBE/PsXaTa76lO5eLJTyr2k8QkPipAyOrs4V/KJufHCZBJ495VCGJol35grx9xryk4V+2zd3Ri+3v7NPh+w==

"@rollup/rollup-linux-s390x-gnu@4.53.5":
  version "4.53.5"
  resolved "https://registry.npmmirror.com/@rollup/rollup-linux-s390x-gnu/-/rollup-linux-s390x-gnu-4.53.5.tgz#204bf1f758b65263adad3183d1ea7c9fc333e453"
  integrity sha512-IAE1Ziyr1qNfnmiQLHBURAD+eh/zH1pIeJjeShleII7Vj8kyEm2PF77o+lf3WTHDpNJcu4IXJxNO0Zluro8bOw==

"@rollup/rollup-linux-x64-gnu@4.53.5":
  version "4.53.5"
  resolved "https://registry.npmmirror.com/@rollup/rollup-linux-x64-gnu/-/rollup-linux-x64-gnu-4.53.5.tgz#704a927285c370b4481a77e5a6468ebc841f72ca"
  integrity sha512-Pg6E+oP7GvZ4XwgRJBuSXZjcqpIW3yCBhK4BcsANvb47qMvAbCjR6E+1a/U2WXz1JJxp9/4Dno3/iSJLcm5auw==

"@rollup/rollup-linux-x64-musl@4.53.5":
  version "4.53.5"
  resolved "https://registry.npmmirror.com/@rollup/rollup-linux-x64-musl/-/rollup-linux-x64-musl-4.53.5.tgz#3a7ccf6239f7efc6745b95075cf855b137cd0b52"
  integrity sha512-txGtluxDKTxaMDzUduGP0wdfng24y1rygUMnmlUJ88fzCCULCLn7oE5kb2+tRB+MWq1QDZT6ObT5RrR8HFRKqg==

"@rollup/rollup-openharmony-arm64@4.53.5":
  version "4.53.5"
  resolved "https://registry.npmmirror.com/@rollup/rollup-openharmony-arm64/-/rollup-openharmony-arm64-4.53.5.tgz#cb29644e4330b8d9aec0c594bf092222545db218"
  integrity sha512-3DFiLPnTxiOQV993fMc+KO8zXHTcIjgaInrqlG8zDp1TlhYl6WgrOHuJkJQ6M8zHEcntSJsUp1XFZSY8C1DYbg==

"@rollup/rollup-win32-arm64-msvc@4.53.5":
  version "4.53.5"
  resolved "https://registry.npmmirror.com/@rollup/rollup-win32-arm64-msvc/-/rollup-win32-arm64-msvc-4.53.5.tgz#bae9daf924900b600f6a53c0659b12cb2f6c33e4"
  integrity sha512-nggc/wPpNTgjGg75hu+Q/3i32R00Lq1B6N1DO7MCU340MRKL3WZJMjA9U4K4gzy3dkZPXm9E1Nc81FItBVGRlA==

"@rollup/rollup-win32-ia32-msvc@4.53.5":
  version "4.53.5"
  resolved "https://registry.npmmirror.com/@rollup/rollup-win32-ia32-msvc/-/rollup-win32-ia32-msvc-4.53.5.tgz#48002d2b9e4ab93049acd0d399c7aa7f7c5f363c"
  integrity sha512-U/54pTbdQpPLBdEzCT6NBCFAfSZMvmjr0twhnD9f4EIvlm9wy3jjQ38yQj1AGznrNO65EWQMgm/QUjuIVrYF9w==

"@rollup/rollup-win32-x64-gnu@4.53.5":
  version "4.53.5"
  resolved "https://registry.npmmirror.com/@rollup/rollup-win32-x64-gnu/-/rollup-win32-x64-gnu-4.53.5.tgz#aa0344b25dc31f2d822caf886786e377b45e660b"
  integrity sha512-2NqKgZSuLH9SXBBV2dWNRCZmocgSOx8OJSdpRaEcRlIfX8YrKxUT6z0F1NpvDVhOsl190UFTRh2F2WDWWCYp3A==

"@rollup/rollup-win32-x64-msvc@4.53.5":
  version "4.53.5"
  resolved "https://registry.npmmirror.com/@rollup/rollup-win32-x64-msvc/-/rollup-win32-x64-msvc-4.53.5.tgz#e0d19dffcf25f0fd86f50402a3413004003939e9"
  integrity sha512-JRpZUhCfhZ4keB5v0fe02gQJy05GqboPOaxvjugW04RLSYYoB/9t2lx2u/tMs/Na/1NXfY8QYjgRljRpN+MjTQ==

"@types/estree@*", "@types/estree@1.0.8", "@types/estree@^1.0.0":
  version "1.0.8"
  resolved "https://registry.npmmirror.com/@types/estree/-/estree-1.0.8.tgz#958b91c991b1867ced318bedea0e215ee050726e"
  integrity sha512-dWHzHa2WqEXI/O1E9OjrocMTKJl2mSrEolh1Iomrv6U+JuNwaHXsXx9bLu5gG7BUWFIN0skIQJQ/L1rIex4X6w==

"@types/js-yaml@^4.0.1":
  version "4.0.9"
  resolved "https://registry.npmmirror.com/@types/js-yaml/-/js-yaml-4.0.9.tgz#cd82382c4f902fed9691a2ed79ec68c5898af4c2"
  integrity sha512-k4MGaQl5TGo/iipqb2UDG2UwjXziSWkh0uysQelTlJpX1qGlpUZYm8PnO4DxG1qBomtJUdYJ6qR6xdIah10JLg==

"@types/ms@^2.1.0":
  version "2.1.0"
  resolved "https://registry.npmmirror.com/@types/ms/-/ms-2.1.0.tgz#052aa67a48eccc4309d7f0191b7e41434b90bb78"
  integrity sha512-GsCCIZDE/p3i96vtEqx+7dBUGXrc7zeSK3wwPHIaRThS+9OhWIXRqzs4d6k1SVU8g91DrNRWxWUGhp5KXQb2VA==

"@types/node-fetch@^2.6.13":
  version "2.6.13"
  resolved "https://registry.npmmirror.com/@types/node-fetch/-/node-fetch-2.6.13.tgz#e0c9b7b5edbdb1b50ce32c127e85e880872d56ee"
  integrity sha512-QGpRVpzSaUs30JBSGPjOg4Uveu384erbHBoT1zeONvyCfwQxIkUshLAOqN/k9EjGviPRmWTTe6aH2qySWKTVSw==
  dependencies:
    "@types/node" "*"
    form-data "^4.0.4"

"@types/node@*":
  version "25.0.3"
  resolved "https://registry.npmmirror.com/@types/node/-/node-25.0.3.tgz#79b9ac8318f373fbfaaf6e2784893efa9701f269"
  integrity sha512-W609buLVRVmeW693xKfzHeIV6nJGGz98uCPfeXI1ELMLXVeKYZ9m15fAMSaUPBHYLGFsVRcMmSCksQOrZV9BYA==
  dependencies:
    undici-types "~7.16.0"

"@types/node@^24.0.0":
  version "24.10.4"
  resolved "https://registry.npmmirror.com/@types/node/-/node-24.10.4.tgz#9d27c032a1b2c42a4eab8fb65c5856a8b8e098c4"
  integrity sha512-vnDVpYPMzs4wunl27jHrfmwojOGKya0xyM3sH+UE5iv5uPS6vX7UIoh6m+vQc5LGBq52HBKPIn/zcSZVzeDEZg==
  dependencies:
    undici-types "~7.16.0"

"@types/resolve@1.20.2":
  version "1.20.2"
  resolved "https://registry.npmmirror.com/@types/resolve/-/resolve-1.20.2.tgz#97d26e00cd4a0423b4af620abecf3e6f442b7975"
  integrity sha512-60BCwRFOZCQhDncwQdxxeOEEkbc5dIMccYLwbxsS4TUNeVECQ/pBJ0j09mrHOl/JJvpRPGwO9SvE4nR2Nb/a4Q==

"@types/stream-buffers@^3.0.3":
  version "3.0.8"
  resolved "https://registry.npmmirror.com/@types/stream-buffers/-/stream-buffers-3.0.8.tgz#9981c092b72c7e1889e3724db40338f503aeac62"
  integrity sha512-J+7VaHKNvlNPJPEJXX/fKa9DZtR/xPMwuIbe+yNOwp1YB+ApUOBv2aUpEoBJEi8nJgbgs1x8e73ttg0r1rSUdw==
  dependencies:
    "@types/node" "*"

agent-base@^7.1.2:
  version "7.1.4"
  resolved "https://registry.npmmirror.com/agent-base/-/agent-base-7.1.4.tgz#e3cd76d4c548ee895d3c3fd8dc1f6c5b9032e7a8"
  integrity sha512-MnA+YT8fwfJPgBx3m60MNqakm30XOkyIoH1y6huTQvC0PwZG7ki8NacLBcrPbNoo8vEZy7Jpuk7+jMO+CUovTQ==

argparse@^2.0.1:
  version "2.0.1"
  resolved "https://registry.npmmirror.com/argparse/-/argparse-2.0.1.tgz#246f50f3ca78a3240f6c997e8a9bd1eac49e4b38"
  integrity sha512-8+9WqebbFzpX9OR+Wa6O29asIogeRMzcGtAINdpMHHyAg10f05aSFVBbcEqGf/PXw1EjAZ+q2/bEBg3DvurK3Q==

asynckit@^0.4.0:
  version "0.4.0"
  resolved "https://registry.npmmirror.com/asynckit/-/asynckit-0.4.0.tgz#c79ed97f7f34cb8f2ba1bc9790bcc366474b4b79"
  integrity sha512-Oei9OH4tRh0YqU3GxhX79dM/mwVgvbZJaSNaRk+bshkj0S5cfHcgYakreBjrHwatXKbz+IoIdYLxrKim2MjW0Q==

b4a@^1.6.4:
  version "1.7.3"
  resolved "https://registry.npmmirror.com/b4a/-/b4a-1.7.3.tgz#24cf7ccda28f5465b66aec2bac69e32809bf112f"
  integrity sha512-5Q2mfq2WfGuFp3uS//0s6baOJLMoVduPYVeNmDYxu5OUA1/cBfvr2RIS7vi62LdNj/urk1hfmj867I3qt6uZ7Q==

bare-events@^2.5.4, bare-events@^2.7.0:
  version "2.8.2"
  resolved "https://registry.npmmirror.com/bare-events/-/bare-events-2.8.2.tgz#7b3e10bd8e1fc80daf38bb516921678f566ab89f"
  integrity sha512-riJjyv1/mHLIPX4RwiK+oW9/4c3TEUeORHKefKAKnZ5kyslbN+HXowtbaVEqt4IMUB7OXlfixcs6gsFeo/jhiQ==

bare-fs@^4.0.1:
  version "4.5.2"
  resolved "https://registry.npmmirror.com/bare-fs/-/bare-fs-4.5.2.tgz#d80ff8a9177e0db4818e7ba44b9302c0cf0788af"
  integrity sha512-veTnRzkb6aPHOvSKIOy60KzURfBdUflr5VReI+NSaPL6xf+XLdONQgZgpYvUuZLVQ8dCqxpBAudaOM1+KpAUxw==
  dependencies:
    bare-events "^2.5.4"
    bare-path "^3.0.0"
    bare-stream "^2.6.4"
    bare-url "^2.2.2"
    fast-fifo "^1.3.2"

bare-os@^3.0.1:
  version "3.6.2"
  resolved "https://registry.npmmirror.com/bare-os/-/bare-os-3.6.2.tgz#b3c4f5ad5e322c0fd0f3c29fc97d19009e2796e5"
  integrity sha512-T+V1+1srU2qYNBmJCXZkUY5vQ0B4FSlL3QDROnKQYOqeiQR8UbjNHlPa+TIbM4cuidiN9GaTaOZgSEgsvPbh5A==

bare-path@^3.0.0:
  version "3.0.0"
  resolved "https://registry.npmmirror.com/bare-path/-/bare-path-3.0.0.tgz#b59d18130ba52a6af9276db3e96a2e3d3ea52178"
  integrity sha512-tyfW2cQcB5NN8Saijrhqn0Zh7AnFNsnczRcuWODH0eYAXBsJ5gVxAUuNr7tsHSC6IZ77cA0SitzT+s47kot8Mw==
  dependencies:
    bare-os "^3.0.1"

bare-stream@^2.6.4:
  version "2.7.0"
  resolved "https://registry.npmmirror.com/bare-stream/-/bare-stream-2.7.0.tgz#5b9e7dd0a354d06e82d6460c426728536c35d789"
  integrity sha512-oyXQNicV1y8nc2aKffH+BUHFRXmx6VrPzlnaEvMhram0nPBrKcEdcyBg5r08D0i8VxngHFAiVyn1QKXpSG0B8A==
  dependencies:
    streamx "^2.21.0"

bare-url@^2.2.2:
  version "2.3.2"
  resolved "https://registry.npmmirror.com/bare-url/-/bare-url-2.3.2.tgz#4aef382efa662b2180a6fe4ca07a71b39bdf7ca3"
  integrity sha512-ZMq4gd9ngV5aTMa5p9+UfY0b3skwhHELaDkhEHetMdX0LRkW9kzaym4oo/Eh+Ghm0CCDuMTsRIGM/ytUc1ZYmw==
  dependencies:
    bare-path "^3.0.0"

before-after-hook@^2.2.0:
  version "2.2.3"
  resolved "https://registry.npmmirror.com/before-after-hook/-/before-after-hook-2.2.3.tgz#c51e809c81a4e354084422b9b26bad88249c517c"
  integrity sha512-NzUnlZexiaH/46WDhANlyR2bXRopNg4F/zuSA3OpZnllCUgRaOF2znDioDWrmbNVsuZk6l9pMquQB38cfBZwkQ==

call-bind-apply-helpers@^1.0.1, call-bind-apply-helpers@^1.0.2:
  version "1.0.2"
  resolved "https://registry.npmmirror.com/call-bind-apply-helpers/-/call-bind-apply-helpers-1.0.2.tgz#4b5428c222be985d79c3d82657479dbe0b59b2d6"
  integrity sha512-Sp1ablJ0ivDkSzjcaJdxEunN5/XvksFJ2sMBFfq6x0ryhQV/2b/KwFe21cMpmHtPOSij8K99/wSfoEuTObmuMQ==
  dependencies:
    es-errors "^1.3.0"
    function-bind "^1.1.2"

combined-stream@^1.0.8:
  version "1.0.8"
  resolved "https://registry.npmmirror.com/combined-stream/-/combined-stream-1.0.8.tgz#c3d45a8b34fd730631a110a8a2520682b31d5a7f"
  integrity sha512-FQN4MRfuJeHf7cBbBMJFXhKSDq+2kAArBlmRBvcvFE5BB1HZKXtSFASDhdlz9zOYwxh8lDdnvmMOe/+5cdoEdg==
  dependencies:
    delayed-stream "~1.0.0"

commondir@^1.0.1:
  version "1.0.1"
  resolved "https://registry.npmmirror.com/commondir/-/commondir-1.0.1.tgz#ddd800da0c66127393cca5950ea968a3aaf1253b"
  integrity sha512-W9pAhw0ja1Edb5GVdIF1mjZw/ASI0AlShXM83UUGe2DVr5TdAPEA1OA8m/g8zWp9x6On7gqufY+FatDbC3MDQg==

debug@^4.3.4:
  version "4.4.3"
  resolved "https://registry.npmmirror.com/debug/-/debug-4.4.3.tgz#c6ae432d9bd9662582fce08709b038c58e9e3d6a"
  integrity sha512-RGwwWnwQvkVfavKVt22FGLw+xYSdzARwm0ru6DhTVA3umU5hZc28V3kO4stgYryrTlLpuvgI9GiijltAjNbcqA==
  dependencies:
    ms "^2.1.3"

deepmerge@^4.2.2:
  version "4.3.1"
  resolved "https://registry.npmmirror.com/deepmerge/-/deepmerge-4.3.1.tgz#44b5f2147cd3b00d4b56137685966f26fd25dd4a"
  integrity sha512-3sUqbMEc77XqpdNO7FRyRog+eW3ph+GYCbj+rK+uYyRMuwsVy0rMiVtPn+QJlKFvWP/1PYpapqYn0Me2knFn+A==

delayed-stream@~1.0.0:
  version "1.0.0"
  resolved "https://registry.npmmirror.com/delayed-stream/-/delayed-stream-1.0.0.tgz#df3ae199acadfb7d440aaae0b29e2272b24ec619"
  integrity sha512-ZySD7Nf91aLB0RxL4KGrKHBXl7Eds1DAmEdcoVawXnLD7SDhpNgtuII2aAkg7a7QS41jxPSZ17p4VdGnMHk3MQ==

deprecation@^2.0.0:
  version "2.3.1"
  resolved "https://registry.npmmirror.com/deprecation/-/deprecation-2.3.1.tgz#6368cbdb40abf3373b525ac87e4a260c3a700919"
  integrity sha512-xmHIy4F3scKVwMsQ4WnVaS8bHOx0DmVwRywosKhaILI0ywMDWPtBSku2HNxRvF7jtwDRsoEwYQSfbxj8b7RlJQ==

dunder-proto@^1.0.1:
  version "1.0.1"
  resolved "https://registry.npmmirror.com/dunder-proto/-/dunder-proto-1.0.1.tgz#d7ae667e1dc83482f8b70fd0f6eefc50da30f58a"
  integrity sha512-KIN/nDJBQRcXw0MLVhZE9iQHmG68qAVIBg9CqmUYjmQIhgij9U5MFvrqkUL5FbtyyzZuOeOt0zdeRe4UY7ct+A==
  dependencies:
    call-bind-apply-helpers "^1.0.1"
    es-errors "^1.3.0"
    gopd "^1.2.0"

end-of-stream@^1.1.0:
  version "1.4.5"
  resolved "https://registry.npmmirror.com/end-of-stream/-/end-of-stream-1.4.5.tgz#7344d711dea40e0b74abc2ed49778743ccedb08c"
  integrity sha512-ooEGc6HP26xXq/N+GCGOT0JKCLDGrq2bQUZrQ7gyrJiZANJ/8YDTxTpQBXGMn+WbIQXNVpyWymm7KYVICQnyOg==
  dependencies:
    once "^1.4.0"

es-define-property@^1.0.1:
  version "1.0.1"
  resolved "https://registry.npmmirror.com/es-define-property/-/es-define-property-1.0.1.tgz#983eb2f9a6724e9303f61addf011c72e09e0b0fa"
  integrity sha512-e3nRfgfUZ4rNGL232gUgX06QNyyez04KdjFrF+LTRoOXmrOgFKDg4BCdsjW8EnT69eqdYGmRpJwiPVYNrCaW3g==

es-errors@^1.3.0:
  version "1.3.0"
  resolved "https://registry.npmmirror.com/es-errors/-/es-errors-1.3.0.tgz#05f75a25dab98e4fb1dcd5e1472c0546d5057c8f"
  integrity sha512-Zf5H2Kxt2xjTvbJvP2ZWLEICxA6j+hAmMzIlypy4xcBg1vKVnx89Wy0GbS+kf5cwCVFFzdCFh2XSCFNULS6csw==

es-object-atoms@^1.0.0, es-object-atoms@^1.1.1:
  version "1.1.1"
  resolved "https://registry.npmmirror.com/es-object-atoms/-/es-object-atoms-1.1.1.tgz#1c4f2c4837327597ce69d2ca190a7fdd172338c1"
  integrity sha512-FGgH2h8zKNim9ljj7dankFPcICIK9Cp5bm+c2gQSYePhpaG5+esrLODihIorn+Pe6FGJzWhXQotPv73jTaldXA==
  dependencies:
    es-errors "^1.3.0"

es-set-tostringtag@^2.1.0:
  version "2.1.0"
  resolved "https://registry.npmmirror.com/es-set-tostringtag/-/es-set-tostringtag-2.1.0.tgz#f31dbbe0c183b00a6d26eb6325c810c0fd18bd4d"
  integrity sha512-j6vWzfrGVfyXxge+O0x5sh6cvxAog0a/4Rdd2K36zCMV5eJ+/+tOAngRO8cODMNWbVRdVlmGZQL2YS3yR8bIUA==
  dependencies:
    es-errors "^1.3.0"
    get-intrinsic "^1.2.6"
    has-tostringtag "^1.0.2"
    hasown "^2.0.2"

estree-walker@^2.0.2:
  version "2.0.2"
  resolved "https://registry.npmmirror.com/estree-walker/-/estree-walker-2.0.2.tgz#52f010178c2a4c117a7757cfe942adb7d2da4cac"
  integrity sha512-Rfkk/Mp/DL7JVje3u18FxFujQlTNR2q6QfMSMB7AvCBx91NGj/ba3kCfza0f6dVDbw7YlRf/nDrn7pQrCCyQ/w==

events-universal@^1.0.0:
  version "1.0.1"
  resolved "https://registry.npmmirror.com/events-universal/-/events-universal-1.0.1.tgz#b56a84fd611b6610e0a2d0f09f80fdf931e2dfe6"
  integrity sha512-LUd5euvbMLpwOF8m6ivPCbhQeSiYVNb8Vs0fQ8QjXo0JTkEHpz8pxdQf0gStltaPpw0Cca8b39KxvK9cfKRiAw==
  dependencies:
    bare-events "^2.7.0"

fast-fifo@^1.2.0, fast-fifo@^1.3.2:
  version "1.3.2"
  resolved "https://registry.npmmirror.com/fast-fifo/-/fast-fifo-1.3.2.tgz#286e31de96eb96d38a97899815740ba2a4f3640c"
  integrity sha512-/d9sfos4yxzpwkDkuN7k2SqFKtYNmCTzgfEpz82x34IM9/zc8KGxQoXg1liNC/izpRM/MBdt44Nmx41ZWqk+FQ==

fdir@^6.2.0:
  version "6.5.0"
  resolved "https://registry.npmmirror.com/fdir/-/fdir-6.5.0.tgz#ed2ab967a331ade62f18d077dae192684d50d350"
  integrity sha512-tIbYtZbucOs0BRGqPJkshJUYdL+SDH7dVM8gjy+ERp3WAUjLEFJE+02kanyHtwjWOnwrKYBiwAmM0p4kLJAnXg==

form-data@^4.0.0, form-data@^4.0.4:
  version "4.0.5"
  resolved "https://registry.npmmirror.com/form-data/-/form-data-4.0.5.tgz#b49e48858045ff4cbf6b03e1805cebcad3679053"
  integrity sha512-8RipRLol37bNs2bhoV67fiTEvdTrbMUYcFTiy3+wuuOnUog2QBHCZWXDRijWQfAkhBj2Uf5UnVaiWwA5vdd82w==
  dependencies:
    asynckit "^0.4.0"
    combined-stream "^1.0.8"
    es-set-tostringtag "^2.1.0"
    hasown "^2.0.2"
    mime-types "^2.1.12"

fsevents@~2.3.2:
  version "2.3.3"
  resolved "https://registry.npmmirror.com/fsevents/-/fsevents-2.3.3.tgz#cac6407785d03675a2a5e1a5305c697b347d90d6"
  integrity sha512-5xoDfX+fL7faATnagmWPpbFtwh/R77WmMMqqHGS65C3vvB0YHrgF+B1YmZ3441tMj5n63k0212XNoJwzlhffQw==

function-bind@^1.1.2:
  version "1.1.2"
  resolved "https://registry.npmmirror.com/function-bind/-/function-bind-1.1.2.tgz#2c02d864d97f3ea6c8830c464cbd11ab6eab7a1c"
  integrity sha512-7XHNxH7qX9xG5mIwxkhumTox/MIRNcOgDrxWsMt2pAr23WHp6MrRlN7FBSFpCpr+oVO0F744iUgR82nJMfG2SA==

get-intrinsic@^1.2.6:
  version "1.3.0"
  resolved "https://registry.npmmirror.com/get-intrinsic/-/get-intrinsic-1.3.0.tgz#743f0e3b6964a93a5491ed1bffaae054d7f98d01"
  integrity sha512-9fSjSaos/fRIVIp+xSJlE6lfwhES7LNtKaCBIamHsjr2na1BiABJPo0mOjjz8GJDURarmCPGqaiVg5mfjb98CQ==
  dependencies:
    call-bind-apply-helpers "^1.0.2"
    es-define-property "^1.0.1"
    es-errors "^1.3.0"
    es-object-atoms "^1.1.1"
    function-bind "^1.1.2"
    get-proto "^1.0.1"
    gopd "^1.2.0"
    has-symbols "^1.1.0"
    hasown "^2.0.2"
    math-intrinsics "^1.1.0"

get-proto@^1.0.1:
  version "1.0.1"
  resolved "https://registry.npmmirror.com/get-proto/-/get-proto-1.0.1.tgz#150b3f2743869ef3e851ec0c49d15b1d14d00ee1"
  integrity sha512-sTSfBjoXBp89JvIKIefqw7U2CCebsc74kiY6awiGogKtoSGbgjYE/G/+l9sF3MWFPNc9IcoOC4ODfKHfxFmp0g==
  dependencies:
    dunder-proto "^1.0.1"
    es-object-atoms "^1.0.0"

gopd@^1.2.0:
  version "1.2.0"
  resolved "https://registry.npmmirror.com/gopd/-/gopd-1.2.0.tgz#89f56b8217bdbc8802bd299df6d7f1081d7e51a1"
  integrity sha512-ZUKRh6/kUFoAiTAtTYPZJ3hw9wNxx+BIBOijnlG9PnrJsCcSjs1wyyD6vJpaYtgnzDrKYRSqf3OO6Rfa93xsRg==

has-symbols@^1.0.3, has-symbols@^1.1.0:
  version "1.1.0"
  resolved "https://registry.npmmirror.com/has-symbols/-/has-symbols-1.1.0.tgz#fc9c6a783a084951d0b971fe1018de813707a338"
  integrity sha512-1cDNdwJ2Jaohmb3sg4OmKaMBwuC48sYni5HUw2DvsC8LjGTLK9h+eb1X6RyuOHe4hT0ULCW68iomhjUoKUqlPQ==

has-tostringtag@^1.0.2:
  version "1.0.2"
  resolved "https://registry.npmmirror.com/has-tostringtag/-/has-tostringtag-1.0.2.tgz#2cdc42d40bef2e5b4eeab7c01a73c54ce7ab5abc"
  integrity sha512-NqADB8VjPFLM2V0VvHUewwwsw0ZWBaIdgo+ieHtK3hasLz4qeCRjYcqfB6AQrBggRKppKF8L52/VqdVsO47Dlw==
  dependencies:
    has-symbols "^1.0.3"

hasown@^2.0.2:
  version "2.0.2"
  resolved "https://registry.npmmirror.com/hasown/-/hasown-2.0.2.tgz#003eaf91be7adc372e84ec59dc37252cedb80003"
  integrity sha512-0hJU9SCPvmMzIBdZFqNPXWa6dqh7WdH0cII9y+CyS8rG3nL48Bclra9HmKhVVUHyPWNH5Y7xDwAB7bfgSjkUMQ==
  dependencies:
    function-bind "^1.1.2"

hpagent@^1.2.0:
  version "1.2.0"
  resolved "https://registry.npmmirror.com/hpagent/-/hpagent-1.2.0.tgz#0ae417895430eb3770c03443456b8d90ca464903"
  integrity sha512-A91dYTeIB6NoXG+PxTQpCCDDnfHsW9kc06Lvpu1TEe9gnd6ZFeiBoRO9JvzEv6xK7EX97/dUE8g/vBMTqTS3CA==

ip-address@^10.0.1:
  version "10.1.0"
  resolved "https://registry.npmmirror.com/ip-address/-/ip-address-10.1.0.tgz#d8dcffb34d0e02eb241427444a6e23f5b0595aa4"
  integrity sha512-XXADHxXmvT9+CRxhXg56LJovE+bmWnEWB78LB83VZTprKTmaC5QfruXocxzTZ2Kl0DNwKuBdlIhjL8LeY8Sf8Q==

is-core-module@^2.16.1:
  version "2.16.1"
  resolved "https://registry.npmmirror.com/is-core-module/-/is-core-module-2.16.1.tgz#2a98801a849f43e2add644fbb6bc6229b19a4ef4"
  integrity sha512-UfoeMA6fIJ8wTYFEUjelnaGI67v6+N7qXJEvQuIGa99l4xsCruSYOVSQ0uPANn4dAzm8lkYPaKLrrijLq7x23w==
  dependencies:
    hasown "^2.0.2"

is-module@^1.0.0:
  version "1.0.0"
  resolved "https://registry.npmmirror.com/is-module/-/is-module-1.0.0.tgz#3258fb69f78c14d5b815d664336b4cffb6441591"
  integrity sha512-51ypPSPCoTEIN9dy5Oy+h4pShgJmPCygKfyRCISBI+JoWT/2oJvK8QPxmwv7b/p239jXrm9M1mlQbyKJ5A152g==

is-reference@1.2.1:
  version "1.2.1"
  resolved "https://registry.npmmirror.com/is-reference/-/is-reference-1.2.1.tgz#8b2dac0b371f4bc994fdeaba9eb542d03002d0b7"
  integrity sha512-U82MsXXiFIrjCK4otLT+o2NA2Cd2g5MLoOVXUZjIOhLurrRxpEXzI8O0KZHr3IjLvlAH1kTPYSuqer5T9ZVBKQ==
  dependencies:
    "@types/estree" "*"

isomorphic-ws@^5.0.0:
  version "5.0.0"
  resolved "https://registry.npmmirror.com/isomorphic-ws/-/isomorphic-ws-5.0.0.tgz#e5529148912ecb9b451b46ed44d53dae1ce04bbf"
  integrity sha512-muId7Zzn9ywDsyXgTIafTry2sV3nySZeUDe6YedVd1Hvuuep5AsIlqK+XefWpYTyJG5e503F2xIuT2lcU6rCSw==

jose@^6.1.0:
  version "6.1.3"
  resolved "https://registry.npmmirror.com/jose/-/jose-6.1.3.tgz#8453d7be88af7bb7d64a0481d6a35a0145ba3ea5"
  integrity sha512-0TpaTfihd4QMNwrz/ob2Bp7X04yuxJkjRGi4aKmOqwhov54i6u79oCv7T+C7lo70MKH6BesI3vscD1yb/yzKXQ==

js-yaml@^4.1.0:
  version "4.1.1"
  resolved "https://registry.npmmirror.com/js-yaml/-/js-yaml-4.1.1.tgz#854c292467705b699476e1a2decc0c8a3458806b"
  integrity sha512-qQKT4zQxXl8lLwBtHMWwaTcGfFOZviOJet3Oy/xmGk2gZH677CJM9EvtfdSkgWcATZhj/55JZ0rmy3myCT5lsA==
  dependencies:
    argparse "^2.0.1"

jsep@^1.4.0:
  version "1.4.0"
  resolved "https://registry.npmmirror.com/jsep/-/jsep-1.4.0.tgz#19feccbfa51d8a79f72480b4b8e40ce2e17152f0"
  integrity sha512-B7qPcEVE3NVkmSJbaYxvv4cHkVW7DQsZz13pUMrfS8z8Q/BuShN+gcTXrUlPiGqM2/t/EEaI030bpxMqY8gMlw==

jsonpath-plus@^10.3.0:
  version "10.3.0"
  resolved "https://registry.npmmirror.com/jsonpath-plus/-/jsonpath-plus-10.3.0.tgz#59e22e4fa2298c68dfcd70659bb47f0cad525238"
  integrity sha512-8TNmfeTCk2Le33A3vRRwtuworG/L5RrgMvdjhKZxvyShO+mBu2fP50OWUjRLNtvw344DdDarFh9buFAZs5ujeA==
  dependencies:
    "@jsep-plugin/assignment" "^1.3.0"
    "@jsep-plugin/regex" "^1.0.4"
    jsep "^1.4.0"

magic-string@^0.30.3:
  version "0.30.21"
  resolved "https://registry.npmmirror.com/magic-string/-/magic-string-0.30.21.tgz#56763ec09a0fa8091df27879fd94d19078c00d91"
  integrity sha512-vd2F4YUyEXKGcLHoq+TEyCjxueSeHnFxyyjNp80yg0XV4vUhnDer/lvvlqM/arB5bXQN5K2/3oinyCRyx8T2CQ==
  dependencies:
    "@jridgewell/sourcemap-codec" "^1.5.5"

math-intrinsics@^1.1.0:
  version "1.1.0"
  resolved "https://registry.npmmirror.com/math-intrinsics/-/math-intrinsics-1.1.0.tgz#a0dd74be81e2aa5c2f27e65ce283605ee4e2b7f9"
  integrity sha512-/IXtbwEk5HTPyEwyKX6hGkYXxM9nbj64B+ilVJnC/R6B0pH5G4V3b0pVbL7DBj4tkhBAppbQUlf6F6Xl9LHu1g==

mime-db@1.52.0:
  version "1.52.0"
  resolved "https://registry.npmmirror.com/mime-db/-/mime-db-1.52.0.tgz#bbabcdc02859f4987301c856e3387ce5ec43bf70"
  integrity sha512-sPU4uV7dYlvtWJxwwxHD0PuihVNiE7TyAbQ5SWxDCB9mUYvOgroQOwYQQOKPJ8CIbE+1ETVlOoK1UC2nU3gYvg==

mime-types@^2.1.12:
  version "2.1.35"
  resolved "https://registry.npmmirror.com/mime-types/-/mime-types-2.1.35.tgz#381a871b62a734450660ae3deee44813f70d959a"
  integrity sha512-ZDY+bPm5zTTF+YpCrAU9nK0UgICYPT0QtT1NZWFv4s++TNkcgVaT0g6+4R2uI4MjQjzysHB1zxuWL50hzaeXiw==
  dependencies:
    mime-db "1.52.0"

ms@^2.1.3:
  version "2.1.3"
  resolved "https://registry.npmmirror.com/ms/-/ms-2.1.3.tgz#574c8138ce1d2b5861f0b44579dbadd60c6615b2"
  integrity sha512-6FlzubTLZG3J2a/NVCAleEhjzq5oxgHyaCU9yYXvcLsvoVaHJq/s5xXI6/XXP6tz7R9xAOtHnSO/tXtF3WRTlA==

node-fetch@^2.7.0:
  version "2.7.0"
  resolved "https://registry.npmmirror.com/node-fetch/-/node-fetch-2.7.0.tgz#d0f0fa6e3e2dc1d27efcd8ad99d550bda94d187d"
  integrity sha512-c4FRfUm/dbcWZ7U+1Wq0AwCyFL+3nt2bEw05wfxSz+DWpWsitgmSgYmy2dQdWyKC1694ELPqMs/YzUSNozLt8A==
  dependencies:
    whatwg-url "^5.0.0"

oauth4webapi@^3.8.2:
  version "3.8.3"
  resolved "https://registry.npmmirror.com/oauth4webapi/-/oauth4webapi-3.8.3.tgz#8a3e36b88a52db5e619907f031bff3770b2ed1a4"
  integrity sha512-pQ5BsX3QRTgnt5HxgHwgunIRaDXBdkT23tf8dfzmtTIL2LTpdmxgbpbBm0VgFWAIDlezQvQCTgnVIUmHupXHxw==

once@^1.3.1, once@^1.4.0:
  version "1.4.0"
  resolved "https://registry.npmmirror.com/once/-/once-1.4.0.tgz#583b1aa775961d4b113ac17d9c50baef9dd76bd1"
  integrity sha512-lNaJgI+2Q5URQBkccEKHTQOPaXdUxnZZElQTZY0MFUAuaEqe1E+Nyvgdz/aIyNi6Z9MzO5dv1H8n58/GELp3+w==
  dependencies:
    wrappy "1"

openid-client@^6.1.3:
  version "6.8.1"
  resolved "https://registry.npmmirror.com/openid-client/-/openid-client-6.8.1.tgz#0e6dd3c1e9c98771ebf387b793ce9f626791a924"
  integrity sha512-VoYT6enBo6Vj2j3Q5Ec0AezS+9YGzQo1f5Xc42lreMGlfP4ljiXPKVDvCADh+XHCV/bqPu/wWSiCVXbJKvrODw==
  dependencies:
    jose "^6.1.0"
    oauth4webapi "^3.8.2"

path-parse@^1.0.7:
  version "1.0.7"
  resolved "https://registry.npmmirror.com/path-parse/-/path-parse-1.0.7.tgz#fbc114b60ca42b30d9daf5858e4bd68bbedb6735"
  integrity sha512-LDJzPVEEEPR+y48z93A0Ed0yXb8pAByGWo/k5YYdYgpY2/2EsOsksJrq7lOHxryrVOn1ejG6oAp8ahvOIQD8sw==

picomatch@^4.0.2:
  version "4.0.3"
  resolved "https://registry.npmmirror.com/picomatch/-/picomatch-4.0.3.tgz#796c76136d1eead715db1e7bad785dedd695a042"
  integrity sha512-5gTmgEY/sqK6gFXLIsQNH19lWb4ebPDLA4SdLP7dsWkIXHWlG66oPuVvXSGFPppYZz8ZDZq0dYYrbHfBCVUb1Q==

prettier@^3.7.4:
  version "3.7.4"
  resolved "https://registry.npmmirror.com/prettier/-/prettier-3.7.4.tgz#d2f8335d4b1cec47e1c8098645411b0c9dff9c0f"
  integrity sha512-v6UNi1+3hSlVvv8fSaoUbggEM5VErKmmpGA7Pl3HF8V6uKY7rvClBOJlH6yNwQtfTueNkGVpOv/mtWL9L4bgRA==

pump@^3.0.0:
  version "3.0.3"
  resolved "https://registry.npmmirror.com/pump/-/pump-3.0.3.tgz#151d979f1a29668dc0025ec589a455b53282268d"
  integrity sha512-todwxLMY7/heScKmntwQG8CXVkWUOdYxIvY2s0VWAAMh/nd8SoYiRaKjlr7+iCs984f2P8zvrfWcDDYVb73NfA==
  dependencies:
    end-of-stream "^1.1.0"
    once "^1.3.1"

resolve@^1.22.1:
  version "1.22.11"
  resolved "https://registry.npmmirror.com/resolve/-/resolve-1.22.11.tgz#aad857ce1ffb8bfa9b0b1ac29f1156383f68c262"
  integrity sha512-RfqAvLnMl313r7c9oclB1HhUEAezcpLjz95wFH4LVuhk9JF/r22qmVP9AMmOU4vMX7Q8pN8jwNg/CSpdFnMjTQ==
  dependencies:
    is-core-module "^2.16.1"
    path-parse "^1.0.7"
    supports-preserve-symlinks-flag "^1.0.0"

rfc4648@^1.3.0:
  version "1.5.4"
  resolved "https://registry.npmmirror.com/rfc4648/-/rfc4648-1.5.4.tgz#1174c0afba72423a0b70c386ecfeb80aa61b05ca"
  integrity sha512-rRg/6Lb+IGfJqO05HZkN50UtY7K/JhxJag1kP23+zyMfrvoB0B7RWv06MbOzoc79RgCdNTiUaNsTT1AJZ7Z+cg==

rollup@^4.53.5:
  version "4.53.5"
  resolved "https://registry.npmmirror.com/rollup/-/rollup-4.53.5.tgz#820f46d435c207fd640256f34a0deadf8e95b118"
  integrity sha512-iTNAbFSlRpcHeeWu73ywU/8KuU/LZmNCSxp6fjQkJBD3ivUb8tpDrXhIxEzA05HlYMEwmtaUnb3RP+YNv162OQ==
  dependencies:
    "@types/estree" "1.0.8"
  optionalDependencies:
    "@rollup/rollup-android-arm-eabi" "4.53.5"
    "@rollup/rollup-android-arm64" "4.53.5"
    "@rollup/rollup-darwin-arm64" "4.53.5"
    "@rollup/rollup-darwin-x64" "4.53.5"
    "@rollup/rollup-freebsd-arm64" "4.53.5"
    "@rollup/rollup-freebsd-x64" "4.53.5"
    "@rollup/rollup-linux-arm-gnueabihf" "4.53.5"
    "@rollup/rollup-linux-arm-musleabihf" "4.53.5"
    "@rollup/rollup-linux-arm64-gnu" "4.53.5"
    "@rollup/rollup-linux-arm64-musl" "4.53.5"
    "@rollup/rollup-linux-loong64-gnu" "4.53.5"
    "@rollup/rollup-linux-ppc64-gnu" "4.53.5"
    "@rollup/rollup-linux-riscv64-gnu" "4.53.5"
    "@rollup/rollup-linux-riscv64-musl" "4.53.5"
    "@rollup/rollup-linux-s390x-gnu" "4.53.5"
    "@rollup/rollup-linux-x64-gnu" "4.53.5"
    "@rollup/rollup-linux-x64-musl" "4.53.5"
    "@rollup/rollup-openharmony-arm64" "4.53.5"
    "@rollup/rollup-win32-arm64-msvc" "4.53.5"
    "@rollup/rollup-win32-ia32-msvc" "4.53.5"
    "@rollup/rollup-win32-x64-gnu" "4.53.5"
    "@rollup/rollup-win32-x64-msvc" "4.53.5"
    fsevents "~2.3.2"

smart-buffer@^4.2.0:
  version "4.2.0"
  resolved "https://registry.npmmirror.com/smart-buffer/-/smart-buffer-4.2.0.tgz#6e1d71fa4f18c05f7d0ff216dd16a481d0e8d9ae"
  integrity sha512-94hK0Hh8rPqQl2xXc3HsaBoOXKV20MToPkcXvwbISWLEs+64sBq5kFgn2kJDHb1Pry9yrP0dxrCI9RRci7RXKg==

socks-proxy-agent@^8.0.4:
  version "8.0.5"
  resolved "https://registry.npmmirror.com/socks-proxy-agent/-/socks-proxy-agent-8.0.5.tgz#b9cdb4e7e998509d7659d689ce7697ac21645bee"
  integrity sha512-HehCEsotFqbPW9sJ8WVYB6UbmIMv7kUUORIF2Nncq4VQvBfNBLibW9YZR5dlYCSUhwcD628pRllm7n+E+YTzJw==
  dependencies:
    agent-base "^7.1.2"
    debug "^4.3.4"
    socks "^2.8.3"

socks@^2.8.3:
  version "2.8.7"
  resolved "https://registry.npmmirror.com/socks/-/socks-2.8.7.tgz#e2fb1d9a603add75050a2067db8c381a0b5669ea"
  integrity sha512-HLpt+uLy/pxB+bum/9DzAgiKS8CX1EvbWxI4zlmgGCExImLdiad2iCwXT5Z4c9c3Eq8rP2318mPW2c+QbtjK8A==
  dependencies:
    ip-address "^10.0.1"
    smart-buffer "^4.2.0"

stream-buffers@^3.0.2:
  version "3.0.3"
  resolved "https://registry.npmmirror.com/stream-buffers/-/stream-buffers-3.0.3.tgz#9fc6ae267d9c4df1190a781e011634cac58af3cd"
  integrity sha512-pqMqwQCso0PBJt2PQmDO0cFj0lyqmiwOMiMSkVtRokl7e+ZTRYgDHKnuZNbqjiJXgsg4nuqtD/zxuo9KqTp0Yw==

streamx@^2.15.0, streamx@^2.21.0:
  version "2.23.0"
  resolved "https://registry.npmmirror.com/streamx/-/streamx-2.23.0.tgz#7d0f3d00d4a6c5de5728aecd6422b4008d66fd0b"
  integrity sha512-kn+e44esVfn2Fa/O0CPFcex27fjIL6MkVae0Mm6q+E6f0hWv578YCERbv+4m02cjxvDsPKLnmxral/rR6lBMAg==
  dependencies:
    events-universal "^1.0.0"
    fast-fifo "^1.3.2"
    text-decoder "^1.1.0"

supports-preserve-symlinks-flag@^1.0.0:
  version "1.0.0"
  resolved "https://registry.npmmirror.com/supports-preserve-symlinks-flag/-/supports-preserve-symlinks-flag-1.0.0.tgz#6eda4bd344a3c94aea376d4cc31bc77311039e09"
  integrity sha512-ot0WnXS9fgdkgIcePe6RHNk1WA8+muPa6cSjeR3V8K27q9BB1rTE3R1p7Hv0z1ZyAc8s6Vvv8DIyWf681MAt0w==

tar-fs@^3.0.9:
  version "3.1.1"
  resolved "https://registry.npmmirror.com/tar-fs/-/tar-fs-3.1.1.tgz#4f164e59fb60f103d472360731e8c6bb4a7fe9ef"
  integrity sha512-LZA0oaPOc2fVo82Txf3gw+AkEd38szODlptMYejQUhndHMLQ9M059uXR+AfS7DNo0NpINvSqDsvyaCrBVkptWg==
  dependencies:
    pump "^3.0.0"
    tar-stream "^3.1.5"
  optionalDependencies:
    bare-fs "^4.0.1"
    bare-path "^3.0.0"

tar-stream@^3.1.5:
  version "3.1.7"
  resolved "https://registry.npmmirror.com/tar-stream/-/tar-stream-3.1.7.tgz#24b3fb5eabada19fe7338ed6d26e5f7c482e792b"
  integrity sha512-qJj60CXt7IU1Ffyc3NJMjh6EkuCFej46zUqJ4J7pqYlThyd9bO0XBTmcOIhSzZJVWfsLks0+nle/j538YAW9RQ==
  dependencies:
    b4a "^1.6.4"
    fast-fifo "^1.2.0"
    streamx "^2.15.0"

text-decoder@^1.1.0:
  version "1.2.3"
  resolved "https://registry.npmmirror.com/text-decoder/-/text-decoder-1.2.3.tgz#b19da364d981b2326d5f43099c310cc80d770c65"
  integrity sha512-3/o9z3X0X0fTupwsYvR03pJ/DjWuqqrfwBgTQzdWDiQSm9KitAyz/9WqsT2JQW7KV2m+bC2ol/zqpW37NHxLaA==
  dependencies:
    b4a "^1.6.4"

tr46@~0.0.3:
  version "0.0.3"
  resolved "https://registry.npmmirror.com/tr46/-/tr46-0.0.3.tgz#8184fd347dac9cdc185992f3a6622e14b9d9ab6a"
  integrity sha512-N3WMsuqV66lT30CrXNbEjx4GEwlow3v6rr4mCcv6prnfwhS01rkgyFdjPNBYd9br7LpXV1+Emh01fHnq2Gdgrw==

tslib@^2.8.1:
  version "2.8.1"
  resolved "https://registry.npmmirror.com/tslib/-/tslib-2.8.1.tgz#612efe4ed235d567e8aba5f2a5fab70280ade83f"
  integrity sha512-oJFu94HQb+KVduSUQL7wnpmqnfmLsOA/nAh6b6EH0wCEoK0/mPeXU6c3wKDV83MkOuHPRHtSXKKU99IBazS/2w==

tunnel@^0.0.6:
  version "0.0.6"
  resolved "https://registry.npmmirror.com/tunnel/-/tunnel-0.0.6.tgz#72f1314b34a5b192db012324df2cc587ca47f92c"
  integrity sha512-1h/Lnq9yajKY2PEbBadPXj3VxsDDu844OnaAo52UVmIzIvwwtBPIuNvkjuzBlTWpfJyUbG3ez0KSBibQkj4ojg==

typescript@^5.9.3:
  version "5.9.3"
  resolved "https://registry.npmmirror.com/typescript/-/typescript-5.9.3.tgz#5b4f59e15310ab17a216f5d6cf53ee476ede670f"
  integrity sha512-jl1vZzPDinLr9eUt3J/t7V6FgNEw9QjvBPdysz9KfQDD41fQrC2Y4vKQdiaUpFT4bXlb1RHhLpp8wtm6M5TgSw==

undici-types@~7.16.0:
  version "7.16.0"
  resolved "https://registry.npmmirror.com/undici-types/-/undici-types-7.16.0.tgz#ffccdff36aea4884cbfce9a750a0580224f58a46"
  integrity sha512-Zz+aZWSj8LE6zoxD+xrjh4VfkIG8Ya6LvYkZqtUQGJPZjYl53ypCaUwWqo7eI0x66KBGeRo+mlBEkMSeSZ38Nw==

undici@^5.25.4, undici@^5.28.5:
  version "5.29.0"
  resolved "https://registry.npmmirror.com/undici/-/undici-5.29.0.tgz#419595449ae3f2cdcba3580a2e8903399bd1f5a3"
  integrity sha512-raqeBD6NQK4SkWhQzeYKd1KmIG6dllBOTt55Rmkt4HtI9mwdWtJljnrXjAFUBLTSN67HWrOIZ3EPF4kjUw80Bg==
  dependencies:
    "@fastify/busboy" "^2.0.0"

universal-user-agent@^6.0.0:
  version "6.0.1"
  resolved "https://registry.npmmirror.com/universal-user-agent/-/universal-user-agent-6.0.1.tgz#15f20f55da3c930c57bddbf1734c6654d5fd35aa"
  integrity sha512-yCzhz6FN2wU1NiiQRogkTQszlQSlpWaw8SvVegAc+bDxbzHgh1vX8uIe8OYyMH6DwH+sdTJsgMl36+mSMdRJIQ==

webidl-conversions@^3.0.0:
  version "3.0.1"
  resolved "https://registry.npmmirror.com/webidl-conversions/-/webidl-conversions-3.0.1.tgz#24534275e2a7bc6be7bc86611cc16ae0a5654871"
  integrity sha512-2JAn3z8AR6rjK8Sm8orRC0h/bcl/DqL7tRPdGZ4I1CjdF+EaMLmYxBHyXuKL849eucPFhvBoxMsflfOb8kxaeQ==

whatwg-url@^5.0.0:
  version "5.0.0"
  resolved "https://registry.npmmirror.com/whatwg-url/-/whatwg-url-5.0.0.tgz#966454e8765462e37644d3626f6742ce8b70965d"
  integrity sha512-saE57nupxk6v3HY35+jzBwYa0rKSy0XR8JSxZPwgLr7ys0IBzhGviA1/TUGJLmSVqs8pb9AnvICXEuOHLprYTw==
  dependencies:
    tr46 "~0.0.3"
    webidl-conversions "^3.0.0"

wrappy@1:
  version "1.0.2"
  resolved "https://registry.npmmirror.com/wrappy/-/wrappy-1.0.2.tgz#b5243d8f3ec1aa35f1364605bc0d1036e30ab69f"
  integrity sha512-l4Sp/DRseor9wL6EvV2+TuQn63dMkPjZ/sp9XkghTEbV9KlPS1xUsZ3u7/IQO4wxtcFB4bgpQPRcR3QCvezPcQ==

ws@^8.18.2:
  version "8.18.3"
  resolved "https://registry.npmmirror.com/ws/-/ws-8.18.3.tgz#b56b88abffde62791c639170400c93dcb0c95472"
  integrity sha512-PEIGCY5tSlUt50cqyMXfCzX+oOPqN0vuGqWzbcJ2xvnkzkq46oOpz7dQaTDBdfICb4N14+GARUDw2XV2N4tvzg==
